
Microsoft Visual Studio Solution File, Format Version 10.00
# Visual Studio 2008
Project("{8BC9CEB8-8B4A-11D0-8D11-00A0C91BC942}") = "IBScanUltimate", "IBScanUltimate\IBScanUltimate.vcproj", "{2639CF94-CEA3-44D7-A924-C11E23EA5021}"
	ProjectSection(ProjectDependencies) = postProject
		{15D4F84A-DEAD-4FE0-9602-6FC59D310B2B} = {15D4F84A-DEAD-4FE0-9602-6FC59D310B2B}
		{ADD9D35F-32E7-4D6B-B7D8-B40346C05F46} = {ADD9D35F-32E7-4D6B-B7D8-B40346C05F46}
		{D9DDFB60-123E-4034-9CC8-A2F159170762} = {D9DDFB60-123E-4034-9CC8-A2F159170762}
		{255CB96C-8410-473F-B17C-12772D265844} = {255CB96C-8410-473F-B17C-12772D265844}
		{0B1DF79B-B09C-40D7-84B0-9F2DC1B47424} = {0B1DF79B-B09C-40D7-84B0-9F2DC1B47424}
		{4F7595A1-B5D8-4059-8268-77114462D1DA} = {4F7595A1-B5D8-4059-8268-77114462D1DA}
		{D84BBCBE-958B-457D-A6D4-90C227D0AEA4} = {D84BBCBE-958B-457D-A6D4-90C227D0AEA4}
		{AC3F3FE6-71D1-4297-823C-62F4BEA93320} = {AC3F3FE6-71D1-4297-823C-62F4BEA93320}
	EndProjectSection
EndProject
Project("{2150E333-8FDC-42A3-9474-1A3956D46DE8}") = "DLL", "DLL", "{4A44037B-1EC3-4481-ADE9-FAF9743A02BA}"
EndProject
Project("{2150E333-8FDC-42A3-9474-1A3956D46DE8}") = "Samples", "Samples", "{F96CC484-E2F4-422C-921A-C48E1837EC2F}"
EndProject
Project("{F184B08F-C81C-45F6-A57F-5ABD9991F28F}") = "IBScanUltimate_SampleForVBNet", "Sample sources\VB_Net\IBScanUltimate_SampleForVBNet\IBScanUltimate_SampleForVBNet.vbproj", "{B2BCD4B5-7D2C-4C14-AF6C-5024043B84B1}"
	ProjectSection(ProjectDependencies) = postProject
		{15D4F84A-DEAD-4FE0-9602-6FC59D310B2B} = {15D4F84A-DEAD-4FE0-9602-6FC59D310B2B}
		{ADD9D35F-32E7-4D6B-B7D8-B40346C05F46} = {ADD9D35F-32E7-4D6B-B7D8-B40346C05F46}
		{D9DDFB60-123E-4034-9CC8-A2F159170762} = {D9DDFB60-123E-4034-9CC8-A2F159170762}
		{255CB96C-8410-473F-B17C-12772D265844} = {255CB96C-8410-473F-B17C-12772D265844}
		{2639CF94-CEA3-44D7-A924-C11E23EA5021} = {2639CF94-CEA3-44D7-A924-C11E23EA5021}
		{0B1DF79B-B09C-40D7-84B0-9F2DC1B47424} = {0B1DF79B-B09C-40D7-84B0-9F2DC1B47424}
		{4F7595A1-B5D8-4059-8268-77114462D1DA} = {4F7595A1-B5D8-4059-8268-77114462D1DA}
		{D84BBCBE-958B-457D-A6D4-90C227D0AEA4} = {D84BBCBE-958B-457D-A6D4-90C227D0AEA4}
		{AC3F3FE6-71D1-4297-823C-62F4BEA93320} = {AC3F3FE6-71D1-4297-823C-62F4BEA93320}
	EndProjectSection
EndProject
Project("{8BC9CEB8-8B4A-11D0-8D11-00A0C91BC942}") = "IBScanUltimate_SampleForVC", "Sample sources\VisualC++\IBScanUltimate_SampleForVC\IBScanUltimate_SampleForVC.vcproj", "{D8256FED-2FC1-4D2D-9F64-C95874B9D08D}"
	ProjectSection(ProjectDependencies) = postProject
		{15D4F84A-DEAD-4FE0-9602-6FC59D310B2B} = {15D4F84A-DEAD-4FE0-9602-6FC59D310B2B}
		{ADD9D35F-32E7-4D6B-B7D8-B40346C05F46} = {ADD9D35F-32E7-4D6B-B7D8-B40346C05F46}
		{D9DDFB60-123E-4034-9CC8-A2F159170762} = {D9DDFB60-123E-4034-9CC8-A2F159170762}
		{255CB96C-8410-473F-B17C-12772D265844} = {255CB96C-8410-473F-B17C-12772D265844}
		{2639CF94-CEA3-44D7-A924-C11E23EA5021} = {2639CF94-CEA3-44D7-A924-C11E23EA5021}
		{0B1DF79B-B09C-40D7-84B0-9F2DC1B47424} = {0B1DF79B-B09C-40D7-84B0-9F2DC1B47424}
		{4F7595A1-B5D8-4059-8268-77114462D1DA} = {4F7595A1-B5D8-4059-8268-77114462D1DA}
		{D84BBCBE-958B-457D-A6D4-90C227D0AEA4} = {D84BBCBE-958B-457D-A6D4-90C227D0AEA4}
		{AC3F3FE6-71D1-4297-823C-62F4BEA93320} = {AC3F3FE6-71D1-4297-823C-62F4BEA93320}
	EndProjectSection
EndProject
Project("{8BC9CEB8-8B4A-11D0-8D11-00A0C91BC942}") = "IBScanUltimate_TenScanSampleForVC", "Sample sources\VisualC++\IBScanUltimate_TenScanSampleForVC\IBScanUltimate_TenScanSampleForVC.vcproj", "{20FCEED0-8E19-40C6-BBFB-4913F4A584BE}"
	ProjectSection(ProjectDependencies) = postProject
		{15D4F84A-DEAD-4FE0-9602-6FC59D310B2B} = {15D4F84A-DEAD-4FE0-9602-6FC59D310B2B}
		{ADD9D35F-32E7-4D6B-B7D8-B40346C05F46} = {ADD9D35F-32E7-4D6B-B7D8-B40346C05F46}
		{D9DDFB60-123E-4034-9CC8-A2F159170762} = {D9DDFB60-123E-4034-9CC8-A2F159170762}
		{255CB96C-8410-473F-B17C-12772D265844} = {255CB96C-8410-473F-B17C-12772D265844}
		{2639CF94-CEA3-44D7-A924-C11E23EA5021} = {2639CF94-CEA3-44D7-A924-C11E23EA5021}
		{0B1DF79B-B09C-40D7-84B0-9F2DC1B47424} = {0B1DF79B-B09C-40D7-84B0-9F2DC1B47424}
		{4F7595A1-B5D8-4059-8268-77114462D1DA} = {4F7595A1-B5D8-4059-8268-77114462D1DA}
		{D84BBCBE-958B-457D-A6D4-90C227D0AEA4} = {D84BBCBE-958B-457D-A6D4-90C227D0AEA4}
		{AC3F3FE6-71D1-4297-823C-62F4BEA93320} = {AC3F3FE6-71D1-4297-823C-62F4BEA93320}
	EndProjectSection
EndProject
Project("{8BC9CEB8-8B4A-11D0-8D11-00A0C91BC942}") = "IBSU_NonCallbackSampleForVC", "Sample sources\VisualC++\IBSU_NonCallbackSampleForVC\IBSU_NonCallbackSampleForVC.vcproj", "{9F8D0003-C549-4A3C-B2E1-6D4556CD15FC}"
	ProjectSection(ProjectDependencies) = postProject
		{15D4F84A-DEAD-4FE0-9602-6FC59D310B2B} = {15D4F84A-DEAD-4FE0-9602-6FC59D310B2B}
		{ADD9D35F-32E7-4D6B-B7D8-B40346C05F46} = {ADD9D35F-32E7-4D6B-B7D8-B40346C05F46}
		{D9DDFB60-123E-4034-9CC8-A2F159170762} = {D9DDFB60-123E-4034-9CC8-A2F159170762}
		{255CB96C-8410-473F-B17C-12772D265844} = {255CB96C-8410-473F-B17C-12772D265844}
		{2639CF94-CEA3-44D7-A924-C11E23EA5021} = {2639CF94-CEA3-44D7-A924-C11E23EA5021}
		{0B1DF79B-B09C-40D7-84B0-9F2DC1B47424} = {0B1DF79B-B09C-40D7-84B0-9F2DC1B47424}
		{4F7595A1-B5D8-4059-8268-77114462D1DA} = {4F7595A1-B5D8-4059-8268-77114462D1DA}
		{D84BBCBE-958B-457D-A6D4-90C227D0AEA4} = {D84BBCBE-958B-457D-A6D4-90C227D0AEA4}
		{AC3F3FE6-71D1-4297-823C-62F4BEA93320} = {AC3F3FE6-71D1-4297-823C-62F4BEA93320}
	EndProjectSection
EndProject
Project("{8BC9CEB8-8B4A-11D0-8D11-00A0C91BC942}") = "IBSU_MultipleScanSampleForVC", "Sample sources\VisualC++\IBSU_MultipleScanSampleForVC\IBSU_MultipleScanSampleForVC.vcproj", "{FAD14396-CBFD-4E69-8302-42E9E6E03966}"
	ProjectSection(ProjectDependencies) = postProject
		{15D4F84A-DEAD-4FE0-9602-6FC59D310B2B} = {15D4F84A-DEAD-4FE0-9602-6FC59D310B2B}
		{ADD9D35F-32E7-4D6B-B7D8-B40346C05F46} = {ADD9D35F-32E7-4D6B-B7D8-B40346C05F46}
		{D9DDFB60-123E-4034-9CC8-A2F159170762} = {D9DDFB60-123E-4034-9CC8-A2F159170762}
		{255CB96C-8410-473F-B17C-12772D265844} = {255CB96C-8410-473F-B17C-12772D265844}
		{2639CF94-CEA3-44D7-A924-C11E23EA5021} = {2639CF94-CEA3-44D7-A924-C11E23EA5021}
		{0B1DF79B-B09C-40D7-84B0-9F2DC1B47424} = {0B1DF79B-B09C-40D7-84B0-9F2DC1B47424}
		{4F7595A1-B5D8-4059-8268-77114462D1DA} = {4F7595A1-B5D8-4059-8268-77114462D1DA}
		{D84BBCBE-958B-457D-A6D4-90C227D0AEA4} = {D84BBCBE-958B-457D-A6D4-90C227D0AEA4}
		{AC3F3FE6-71D1-4297-823C-62F4BEA93320} = {AC3F3FE6-71D1-4297-823C-62F4BEA93320}
	EndProjectSection
EndProject
Project("{8BC9CEB8-8B4A-11D0-8D11-00A0C91BC942}") = "IBSU_ConsoleSampleForVC", "Sample sources\VisualC++\IBSU_ConsoleSampleForVC\IBSU_ConsoleSampleForVC.vcproj", "{686F7406-5009-4FAE-AE38-4DC38B89E0A3}"
	ProjectSection(ProjectDependencies) = postProject
		{15D4F84A-DEAD-4FE0-9602-6FC59D310B2B} = {15D4F84A-DEAD-4FE0-9602-6FC59D310B2B}
		{ADD9D35F-32E7-4D6B-B7D8-B40346C05F46} = {ADD9D35F-32E7-4D6B-B7D8-B40346C05F46}
		{D9DDFB60-123E-4034-9CC8-A2F159170762} = {D9DDFB60-123E-4034-9CC8-A2F159170762}
		{255CB96C-8410-473F-B17C-12772D265844} = {255CB96C-8410-473F-B17C-12772D265844}
		{2639CF94-CEA3-44D7-A924-C11E23EA5021} = {2639CF94-CEA3-44D7-A924-C11E23EA5021}
		{0B1DF79B-B09C-40D7-84B0-9F2DC1B47424} = {0B1DF79B-B09C-40D7-84B0-9F2DC1B47424}
		{4F7595A1-B5D8-4059-8268-77114462D1DA} = {4F7595A1-B5D8-4059-8268-77114462D1DA}
		{D84BBCBE-958B-457D-A6D4-90C227D0AEA4} = {D84BBCBE-958B-457D-A6D4-90C227D0AEA4}
		{AC3F3FE6-71D1-4297-823C-62F4BEA93320} = {AC3F3FE6-71D1-4297-823C-62F4BEA93320}
	EndProjectSection
EndProject
Project("{2150E333-8FDC-42A3-9474-1A3956D46DE8}") = "Other apps", "Other apps", "{186AC411-5707-43FE-825F-2F5163487D69}"
EndProject
Project("{8BC9CEB8-8B4A-11D0-8D11-00A0C91BC942}") = "IBUsbFwUpdater", "IBUsbFwUpdater\IBUsbFwUpdater.vcproj", "{4817B880-79B2-4657-979C-C3E9FF2FE335}"
	ProjectSection(ProjectDependencies) = postProject
		{15D4F84A-DEAD-4FE0-9602-6FC59D310B2B} = {15D4F84A-DEAD-4FE0-9602-6FC59D310B2B}
		{ADD9D35F-32E7-4D6B-B7D8-B40346C05F46} = {ADD9D35F-32E7-4D6B-B7D8-B40346C05F46}
		{D9DDFB60-123E-4034-9CC8-A2F159170762} = {D9DDFB60-123E-4034-9CC8-A2F159170762}
		{255CB96C-8410-473F-B17C-12772D265844} = {255CB96C-8410-473F-B17C-12772D265844}
		{2639CF94-CEA3-44D7-A924-C11E23EA5021} = {2639CF94-CEA3-44D7-A924-C11E23EA5021}
		{0B1DF79B-B09C-40D7-84B0-9F2DC1B47424} = {0B1DF79B-B09C-40D7-84B0-9F2DC1B47424}
		{4F7595A1-B5D8-4059-8268-77114462D1DA} = {4F7595A1-B5D8-4059-8268-77114462D1DA}
		{D84BBCBE-958B-457D-A6D4-90C227D0AEA4} = {D84BBCBE-958B-457D-A6D4-90C227D0AEA4}
		{AC3F3FE6-71D1-4297-823C-62F4BEA93320} = {AC3F3FE6-71D1-4297-823C-62F4BEA93320}
	EndProjectSection
EndProject
Project("{FAE04EC0-301F-11D3-BF4B-00C04F79EFBC}") = "IBScanUltimate_SampleForCSharp", "Sample sources\CSharp\IBScanUltimate_SampleForCSharp\IBScanUltimate_SampleForCSharp.csproj", "{CD150F8F-67FA-498D-83A6-1DA9FF81CCAB}"
	ProjectSection(ProjectDependencies) = postProject
		{15D4F84A-DEAD-4FE0-9602-6FC59D310B2B} = {15D4F84A-DEAD-4FE0-9602-6FC59D310B2B}
		{ADD9D35F-32E7-4D6B-B7D8-B40346C05F46} = {ADD9D35F-32E7-4D6B-B7D8-B40346C05F46}
		{D9DDFB60-123E-4034-9CC8-A2F159170762} = {D9DDFB60-123E-4034-9CC8-A2F159170762}
		{255CB96C-8410-473F-B17C-12772D265844} = {255CB96C-8410-473F-B17C-12772D265844}
		{2639CF94-CEA3-44D7-A924-C11E23EA5021} = {2639CF94-CEA3-44D7-A924-C11E23EA5021}
		{0B1DF79B-B09C-40D7-84B0-9F2DC1B47424} = {0B1DF79B-B09C-40D7-84B0-9F2DC1B47424}
		{4F7595A1-B5D8-4059-8268-77114462D1DA} = {4F7595A1-B5D8-4059-8268-77114462D1DA}
		{D84BBCBE-958B-457D-A6D4-90C227D0AEA4} = {D84BBCBE-958B-457D-A6D4-90C227D0AEA4}
		{AC3F3FE6-71D1-4297-823C-62F4BEA93320} = {AC3F3FE6-71D1-4297-823C-62F4BEA93320}
	EndProjectSection
EndProject
Project("{8BC9CEB8-8B4A-11D0-8D11-00A0C91BC942}") = "FirmwareEditer", "IBUsbFwEditor\FirmwareEditer.vcproj", "{C97DFA05-1F02-4502-BDDF-2A5826AB9BD3}"
	ProjectSection(ProjectDependencies) = postProject
		{15D4F84A-DEAD-4FE0-9602-6FC59D310B2B} = {15D4F84A-DEAD-4FE0-9602-6FC59D310B2B}
		{ADD9D35F-32E7-4D6B-B7D8-B40346C05F46} = {ADD9D35F-32E7-4D6B-B7D8-B40346C05F46}
		{D9DDFB60-123E-4034-9CC8-A2F159170762} = {D9DDFB60-123E-4034-9CC8-A2F159170762}
		{255CB96C-8410-473F-B17C-12772D265844} = {255CB96C-8410-473F-B17C-12772D265844}
		{2639CF94-CEA3-44D7-A924-C11E23EA5021} = {2639CF94-CEA3-44D7-A924-C11E23EA5021}
		{0B1DF79B-B09C-40D7-84B0-9F2DC1B47424} = {0B1DF79B-B09C-40D7-84B0-9F2DC1B47424}
		{4F7595A1-B5D8-4059-8268-77114462D1DA} = {4F7595A1-B5D8-4059-8268-77114462D1DA}
		{D84BBCBE-958B-457D-A6D4-90C227D0AEA4} = {D84BBCBE-958B-457D-A6D4-90C227D0AEA4}
		{AC3F3FE6-71D1-4297-823C-62F4BEA93320} = {AC3F3FE6-71D1-4297-823C-62F4BEA93320}
	EndProjectSection
EndProject
Project("{8BC9CEB8-8B4A-11D0-8D11-00A0C91BC942}") = "IBSU_NewFunctionTesterForVC", "Sample sources\VisualC++\IBSU_NewFunctionTesterForVC\IBSU_NewFunctionTesterForVC.vcproj", "{CC1CB7C9-BE7D-4ED2-99CD-27D05C5157FB}"
	ProjectSection(ProjectDependencies) = postProject
		{15D4F84A-DEAD-4FE0-9602-6FC59D310B2B} = {15D4F84A-DEAD-4FE0-9602-6FC59D310B2B}
		{ADD9D35F-32E7-4D6B-B7D8-B40346C05F46} = {ADD9D35F-32E7-4D6B-B7D8-B40346C05F46}
		{D9DDFB60-123E-4034-9CC8-A2F159170762} = {D9DDFB60-123E-4034-9CC8-A2F159170762}
		{255CB96C-8410-473F-B17C-12772D265844} = {255CB96C-8410-473F-B17C-12772D265844}
		{2639CF94-CEA3-44D7-A924-C11E23EA5021} = {2639CF94-CEA3-44D7-A924-C11E23EA5021}
		{0B1DF79B-B09C-40D7-84B0-9F2DC1B47424} = {0B1DF79B-B09C-40D7-84B0-9F2DC1B47424}
		{4F7595A1-B5D8-4059-8268-77114462D1DA} = {4F7595A1-B5D8-4059-8268-77114462D1DA}
		{D84BBCBE-958B-457D-A6D4-90C227D0AEA4} = {D84BBCBE-958B-457D-A6D4-90C227D0AEA4}
		{AC3F3FE6-71D1-4297-823C-62F4BEA93320} = {AC3F3FE6-71D1-4297-823C-62F4BEA93320}
	EndProjectSection
EndProject
Project("{2150E333-8FDC-42A3-9474-1A3956D46DE8}") = "DevTest", "DevTest", "{B7306C20-83D7-4CCE-8587-E68B4CFB42FC}"
EndProject
Project("{8BC9CEB8-8B4A-11D0-8D11-00A0C91BC942}") = "IBScanUltimate_FunctionTester", "Sample sources\VisualC++\IBSU_FunctionTesterForVC\IBScanUltimate_FunctionTester.vcproj", "{19094BA3-F969-4E49-9EAF-C56712B84424}"
	ProjectSection(ProjectDependencies) = postProject
		{15D4F84A-DEAD-4FE0-9602-6FC59D310B2B} = {15D4F84A-DEAD-4FE0-9602-6FC59D310B2B}
		{ADD9D35F-32E7-4D6B-B7D8-B40346C05F46} = {ADD9D35F-32E7-4D6B-B7D8-B40346C05F46}
		{D9DDFB60-123E-4034-9CC8-A2F159170762} = {D9DDFB60-123E-4034-9CC8-A2F159170762}
		{255CB96C-8410-473F-B17C-12772D265844} = {255CB96C-8410-473F-B17C-12772D265844}
		{2639CF94-CEA3-44D7-A924-C11E23EA5021} = {2639CF94-CEA3-44D7-A924-C11E23EA5021}
		{0B1DF79B-B09C-40D7-84B0-9F2DC1B47424} = {0B1DF79B-B09C-40D7-84B0-9F2DC1B47424}
		{4F7595A1-B5D8-4059-8268-77114462D1DA} = {4F7595A1-B5D8-4059-8268-77114462D1DA}
		{D84BBCBE-958B-457D-A6D4-90C227D0AEA4} = {D84BBCBE-958B-457D-A6D4-90C227D0AEA4}
		{AC3F3FE6-71D1-4297-823C-62F4BEA93320} = {AC3F3FE6-71D1-4297-823C-62F4BEA93320}
	EndProjectSection
EndProject
Project("{2150E333-8FDC-42A3-9474-1A3956D46DE8}") = "NbisLib", "NbisLib", "{3298B2BD-A9D8-409E-80E0-4B9B9311BE12}"
EndProject
Project("{8BC9CEB8-8B4A-11D0-8D11-00A0C91BC942}") = "commonnbis", "IBScanUltimate\NBIS_Libs\src\VSProject\VisualStudio2008\commonnbis\commonnbis.vcproj", "{ADD9D35F-32E7-4D6B-B7D8-B40346C05F46}"
EndProject
Project("{8BC9CEB8-8B4A-11D0-8D11-00A0C91BC942}") = "ioutil", "IBScanUltimate\NBIS_Libs\src\VSProject\VisualStudio2008\ioutil\ioutil.vcproj", "{0B1DF79B-B09C-40D7-84B0-9F2DC1B47424}"
EndProject
Project("{8BC9CEB8-8B4A-11D0-8D11-00A0C91BC942}") = "jpegl", "IBScanUltimate\NBIS_Libs\src\VSProject\VisualStudio2008\jpegl\jpegl.vcproj", "{15D4F84A-DEAD-4FE0-9602-6FC59D310B2B}"
EndProject
Project("{8BC9CEB8-8B4A-11D0-8D11-00A0C91BC942}") = "mindtct", "IBScanUltimate\NBIS_Libs\src\VSProject\VisualStudio2008\mindtct\mindtct.vcproj", "{255CB96C-8410-473F-B17C-12772D265844}"
EndProject
Project("{8BC9CEB8-8B4A-11D0-8D11-00A0C91BC942}") = "nfiq", "IBScanUltimate\NBIS_Libs\src\VSProject\VisualStudio2008\nfiq\nfiq.vcproj", "{4F7595A1-B5D8-4059-8268-77114462D1DA}"
EndProject
Project("{8BC9CEB8-8B4A-11D0-8D11-00A0C91BC942}") = "nfseg", "IBScanUltimate\NBIS_Libs\src\VSProject\VisualStudio2008\nfseg\nfseg.vcproj", "{D9DDFB60-123E-4034-9CC8-A2F159170762}"
EndProject
Project("{8BC9CEB8-8B4A-11D0-8D11-00A0C91BC942}") = "pcasys", "IBScanUltimate\NBIS_Libs\src\VSProject\VisualStudio2008\pcasys\pcasys.vcproj", "{AC3F3FE6-71D1-4297-823C-62F4BEA93320}"
EndProject
Project("{8BC9CEB8-8B4A-11D0-8D11-00A0C91BC942}") = "wsq", "IBScanUltimate\NBIS_Libs\src\VSProject\VisualStudio2008\wsq\wsq.vcproj", "{D84BBCBE-958B-457D-A6D4-90C227D0AEA4}"
EndProject
Project("{FAE04EC0-301F-11D3-BF4B-00C04F79EFBC}") = "Two_Form_Test_Watson", "Sample sources\CSharp\Two_Form_Test_Watson\Two_Form_Test_Watson.csproj", "{07B2B934-7484-4F54-B358-5E34E13BF32F}"
	ProjectSection(ProjectDependencies) = postProject
		{15D4F84A-DEAD-4FE0-9602-6FC59D310B2B} = {15D4F84A-DEAD-4FE0-9602-6FC59D310B2B}
		{ADD9D35F-32E7-4D6B-B7D8-B40346C05F46} = {ADD9D35F-32E7-4D6B-B7D8-B40346C05F46}
		{D9DDFB60-123E-4034-9CC8-A2F159170762} = {D9DDFB60-123E-4034-9CC8-A2F159170762}
		{255CB96C-8410-473F-B17C-12772D265844} = {255CB96C-8410-473F-B17C-12772D265844}
		{2639CF94-CEA3-44D7-A924-C11E23EA5021} = {2639CF94-CEA3-44D7-A924-C11E23EA5021}
		{0B1DF79B-B09C-40D7-84B0-9F2DC1B47424} = {0B1DF79B-B09C-40D7-84B0-9F2DC1B47424}
		{4F7595A1-B5D8-4059-8268-77114462D1DA} = {4F7595A1-B5D8-4059-8268-77114462D1DA}
		{D84BBCBE-958B-457D-A6D4-90C227D0AEA4} = {D84BBCBE-958B-457D-A6D4-90C227D0AEA4}
		{AC3F3FE6-71D1-4297-823C-62F4BEA93320} = {AC3F3FE6-71D1-4297-823C-62F4BEA93320}
	EndProjectSection
EndProject
Project("{8BC9CEB8-8B4A-11D0-8D11-00A0C91BC942}") = "TestLoadLibrary", "Sample sources\VisualC++\TestLoadLibrary\TestLoadLibrary.vcproj", "{26A4A07C-1D20-407A-974C-62E5ACBFFDAD}"
	ProjectSection(ProjectDependencies) = postProject
		{2639CF94-CEA3-44D7-A924-C11E23EA5021} = {2639CF94-CEA3-44D7-A924-C11E23EA5021}
	EndProjectSection
EndProject
Project("{8BC9CEB8-8B4A-11D0-8D11-00A0C91BC942}") = "IBScanUltimate_SalesDemo", "Sample sources\VisualC++\IBScanUltimate_SalesDemo\IBScanUltimate_SalesDemo.vcproj", "{9E97518F-2497-425D-ACB2-2A3C97BC7CDD}"
	ProjectSection(ProjectDependencies) = postProject
		{2639CF94-CEA3-44D7-A924-C11E23EA5021} = {2639CF94-CEA3-44D7-A924-C11E23EA5021}
	EndProjectSection
EndProject
Project("{2150E333-8FDC-42A3-9474-1A3956D46DE8}") = "Demo", "Demo", "{851DC2F6-7D05-4657-80D5-0A131DA6A320}"
EndProject
Project("{8BC9CEB8-8B4A-11D0-8D11-00A0C91BC942}") = "IBLogTracer", "IBLogTracer\IBLogTracer.vcproj", "{329A6E62-8AA7-4AE9-B442-468F1D367D54}"
EndProject
Project("{2150E333-8FDC-42A3-9474-1A3956D46DE8}") = "AgingTest", "AgingTest", "{8AA4B6C6-9D4A-41B9-9C53-9B9288CE25C0}"
EndProject
Project("{8BC9CEB8-8B4A-11D0-8D11-00A0C91BC942}") = "IBScanUltimate_FunctionTester_static", "Sample sources\VisualC++\IBSU_FunctionTesterForVC_static\IBScanUltimate_FunctionTester_static.vcproj", "{F599C00E-0DEF-4972-8A55-58BDA76DC2F5}"
	ProjectSection(ProjectDependencies) = postProject
		{2639CF94-CEA3-44D7-A924-C11E23EA5021} = {2639CF94-CEA3-44D7-A924-C11E23EA5021}
	EndProjectSection
EndProject
Project("{8BC9CEB8-8B4A-11D0-8D11-00A0C91BC942}") = "IBScanUltimate_FunctionTester_dynamic", "Sample sources\VisualC++\IBSU_FunctionTesterForVC_dynamic\IBScanUltimate_FunctionTester_dynamic.vcproj", "{E5148EBD-3D54-4A68-ADC2-64D08A7C4FF2}"
	ProjectSection(ProjectDependencies) = postProject
		{2639CF94-CEA3-44D7-A924-C11E23EA5021} = {2639CF94-CEA3-44D7-A924-C11E23EA5021}
	EndProjectSection
EndProject
Project("{8BC9CEB8-8B4A-11D0-8D11-00A0C91BC942}") = "IBSU_DynamicLinkedSampleForVC", "Sample sources\VisualC++\IBSU_DynamicLinkedSampleForVC\IBSU_DynamicLinkedSampleForVC.vcproj", "{68C54379-8A4D-46DB-A8DF-1B921A9AFFD5}"
	ProjectSection(ProjectDependencies) = postProject
		{15D4F84A-DEAD-4FE0-9602-6FC59D310B2B} = {15D4F84A-DEAD-4FE0-9602-6FC59D310B2B}
		{ADD9D35F-32E7-4D6B-B7D8-B40346C05F46} = {ADD9D35F-32E7-4D6B-B7D8-B40346C05F46}
		{D9DDFB60-123E-4034-9CC8-A2F159170762} = {D9DDFB60-123E-4034-9CC8-A2F159170762}
		{255CB96C-8410-473F-B17C-12772D265844} = {255CB96C-8410-473F-B17C-12772D265844}
		{2639CF94-CEA3-44D7-A924-C11E23EA5021} = {2639CF94-CEA3-44D7-A924-C11E23EA5021}
		{0B1DF79B-B09C-40D7-84B0-9F2DC1B47424} = {0B1DF79B-B09C-40D7-84B0-9F2DC1B47424}
		{4F7595A1-B5D8-4059-8268-77114462D1DA} = {4F7595A1-B5D8-4059-8268-77114462D1DA}
		{D84BBCBE-958B-457D-A6D4-90C227D0AEA4} = {D84BBCBE-958B-457D-A6D4-90C227D0AEA4}
		{AC3F3FE6-71D1-4297-823C-62F4BEA93320} = {AC3F3FE6-71D1-4297-823C-62F4BEA93320}
	EndProjectSection
EndProject
Project("{8BC9CEB8-8B4A-11D0-8D11-00A0C91BC942}") = "IBScanUltimate_SampleForVC_DACTest", "Sample sources\VisualC++\IBScanUltimate_SampleForVC_DACTest\IBScanUltimate_SampleForVC.vcproj", "{F0E326FA-8023-4A42-93F6-A33F8454596C}"
	ProjectSection(ProjectDependencies) = postProject
		{2639CF94-CEA3-44D7-A924-C11E23EA5021} = {2639CF94-CEA3-44D7-A924-C11E23EA5021}
	EndProjectSection
EndProject
Project("{8BC9CEB8-8B4A-11D0-8D11-00A0C91BC942}") = "LibCBP", "LibCBP\LibCBP.vcproj", "{1791F643-0A6F-4C5F-B665-ED1301990A38}"
	ProjectSection(ProjectDependencies) = postProject
		{2639CF94-CEA3-44D7-A924-C11E23EA5021} = {2639CF94-CEA3-44D7-A924-C11E23EA5021}
	EndProjectSection
EndProject
Project("{8BC9CEB8-8B4A-11D0-8D11-00A0C91BC942}") = "CBP_FunctionTester", "Sample sources\VisualC++\CBP_FunctionTester\CBP_FunctionTester.vcproj", "{A099D92B-9DA3-408C-8DAC-9E032BC6F15F}"
	ProjectSection(ProjectDependencies) = postProject
		{1791F643-0A6F-4C5F-B665-ED1301990A38} = {1791F643-0A6F-4C5F-B665-ED1301990A38}
		{2639CF94-CEA3-44D7-A924-C11E23EA5021} = {2639CF94-CEA3-44D7-A924-C11E23EA5021}
	EndProjectSection
EndProject
Project("{8BC9CEB8-8B4A-11D0-8D11-00A0C91BC942}") = "CBP_SampleForVC", "Sample sources\VisualC++\CBP_SampleForVC\CBP_SampleForVC.vcproj", "{490B840F-679B-460F-8D8B-CD13A254A4C8}"
	ProjectSection(ProjectDependencies) = postProject
		{1791F643-0A6F-4C5F-B665-ED1301990A38} = {1791F643-0A6F-4C5F-B665-ED1301990A38}
		{2639CF94-CEA3-44D7-A924-C11E23EA5021} = {2639CF94-CEA3-44D7-A924-C11E23EA5021}
	EndProjectSection
EndProject
Project("{8BC9CEB8-8B4A-11D0-8D11-00A0C91BC942}") = "CBP_FP_Harness", "Sample sources\VisualC++\CBP_FP_Harness\CBP_FP_Harness.vcproj", "{87BAF97E-55F1-420D-A0D1-D9E8B97EC376}"
	ProjectSection(ProjectDependencies) = postProject
		{1791F643-0A6F-4C5F-B665-ED1301990A38} = {1791F643-0A6F-4C5F-B665-ED1301990A38}
		{2639CF94-CEA3-44D7-A924-C11E23EA5021} = {2639CF94-CEA3-44D7-A924-C11E23EA5021}
	EndProjectSection
EndProject
Project("{8BC9CEB8-8B4A-11D0-8D11-00A0C91BC942}") = "IBScanNFIQ2", "Plugin\IBScanNFIQ2\IBScanNFIQ2.vcproj", "{FAEFBA5E-71D6-48D3-AB4F-4B3AC9EB6FD7}"
EndProject
Project("{8BC9CEB8-8B4A-11D0-8D11-00A0C91BC942}") = "CBP_LogViewer", "Sample sources\VisualC++\CBP_LogViewer\CBPLogViewer.vcproj", "{B368FE49-7BF3-44DF-BB25-8B8045507AB0}"
	ProjectSection(ProjectDependencies) = postProject
		{1791F643-0A6F-4C5F-B665-ED1301990A38} = {1791F643-0A6F-4C5F-B665-ED1301990A38}
		{2639CF94-CEA3-44D7-A924-C11E23EA5021} = {2639CF94-CEA3-44D7-A924-C11E23EA5021}
	EndProjectSection
EndProject
Project("{8BC9CEB8-8B4A-11D0-8D11-00A0C91BC942}") = "DiagnosticTool", "Sample sources\VisualC++\DiagnosticTool\DiagnosticTool.vcproj", "{DAB821FD-9E44-4671-982F-08AC901CBE16}"
	ProjectSection(ProjectDependencies) = postProject
		{1791F643-0A6F-4C5F-B665-ED1301990A38} = {1791F643-0A6F-4C5F-B665-ED1301990A38}
		{2639CF94-CEA3-44D7-A924-C11E23EA5021} = {2639CF94-CEA3-44D7-A924-C11E23EA5021}
	EndProjectSection
EndProject
Global
	GlobalSection(SolutionConfigurationPlatforms) = preSolution
		Debug|Any CPU = Debug|Any CPU
		Debug|Mixed Platforms = Debug|Mixed Platforms
		Debug|Win32 = Debug|Win32
		Debug|x64 = Debug|x64
		Release|Any CPU = Release|Any CPU
		Release|Mixed Platforms = Release|Mixed Platforms
		Release|Win32 = Release|Win32
		Release|x64 = Release|x64
	EndGlobalSection
	GlobalSection(ProjectConfigurationPlatforms) = postSolution
		{2639CF94-CEA3-44D7-A924-C11E23EA5021}.Debug|Any CPU.ActiveCfg = Debug|Win32
		{2639CF94-CEA3-44D7-A924-C11E23EA5021}.Debug|Mixed Platforms.ActiveCfg = Debug|Win32
		{2639CF94-CEA3-44D7-A924-C11E23EA5021}.Debug|Mixed Platforms.Build.0 = Debug|Win32
		{2639CF94-CEA3-44D7-A924-C11E23EA5021}.Debug|Win32.ActiveCfg = Debug|Win32
		{2639CF94-CEA3-44D7-A924-C11E23EA5021}.Debug|Win32.Build.0 = Debug|Win32
		{2639CF94-CEA3-44D7-A924-C11E23EA5021}.Debug|x64.ActiveCfg = Debug|x64
		{2639CF94-CEA3-44D7-A924-C11E23EA5021}.Debug|x64.Build.0 = Debug|x64
		{2639CF94-CEA3-44D7-A924-C11E23EA5021}.Release|Any CPU.ActiveCfg = Release|Win32
		{2639CF94-CEA3-44D7-A924-C11E23EA5021}.Release|Mixed Platforms.ActiveCfg = Release|Win32
		{2639CF94-CEA3-44D7-A924-C11E23EA5021}.Release|Mixed Platforms.Build.0 = Release|Win32
		{2639CF94-CEA3-44D7-A924-C11E23EA5021}.Release|Win32.ActiveCfg = Release|Win32
		{2639CF94-CEA3-44D7-A924-C11E23EA5021}.Release|Win32.Build.0 = Release|Win32
		{2639CF94-CEA3-44D7-A924-C11E23EA5021}.Release|x64.ActiveCfg = Release|x64
		{2639CF94-CEA3-44D7-A924-C11E23EA5021}.Release|x64.Build.0 = Release|x64
		{B2BCD4B5-7D2C-4C14-AF6C-5024043B84B1}.Debug|Any CPU.ActiveCfg = Debug|Any CPU
		{B2BCD4B5-7D2C-4C14-AF6C-5024043B84B1}.Debug|Any CPU.Build.0 = Debug|Any CPU
		{B2BCD4B5-7D2C-4C14-AF6C-5024043B84B1}.Debug|Mixed Platforms.ActiveCfg = Debug|Any CPU
		{B2BCD4B5-7D2C-4C14-AF6C-5024043B84B1}.Debug|Mixed Platforms.Build.0 = Debug|Any CPU
		{B2BCD4B5-7D2C-4C14-AF6C-5024043B84B1}.Debug|Win32.ActiveCfg = Debug|Any CPU
		{B2BCD4B5-7D2C-4C14-AF6C-5024043B84B1}.Debug|Win32.Build.0 = Debug|Any CPU
		{B2BCD4B5-7D2C-4C14-AF6C-5024043B84B1}.Debug|x64.ActiveCfg = Debug|x64
		{B2BCD4B5-7D2C-4C14-AF6C-5024043B84B1}.Debug|x64.Build.0 = Debug|x64
		{B2BCD4B5-7D2C-4C14-AF6C-5024043B84B1}.Release|Any CPU.ActiveCfg = Release|Any CPU
		{B2BCD4B5-7D2C-4C14-AF6C-5024043B84B1}.Release|Any CPU.Build.0 = Release|Any CPU
		{B2BCD4B5-7D2C-4C14-AF6C-5024043B84B1}.Release|Mixed Platforms.ActiveCfg = Release|Any CPU
		{B2BCD4B5-7D2C-4C14-AF6C-5024043B84B1}.Release|Mixed Platforms.Build.0 = Release|Any CPU
		{B2BCD4B5-7D2C-4C14-AF6C-5024043B84B1}.Release|Win32.ActiveCfg = Release|Any CPU
		{B2BCD4B5-7D2C-4C14-AF6C-5024043B84B1}.Release|Win32.Build.0 = Release|Any CPU
		{B2BCD4B5-7D2C-4C14-AF6C-5024043B84B1}.Release|x64.ActiveCfg = Release|x64
		{B2BCD4B5-7D2C-4C14-AF6C-5024043B84B1}.Release|x64.Build.0 = Release|x64
		{D8256FED-2FC1-4D2D-9F64-C95874B9D08D}.Debug|Any CPU.ActiveCfg = Debug|Win32
		{D8256FED-2FC1-4D2D-9F64-C95874B9D08D}.Debug|Mixed Platforms.ActiveCfg = Debug|Win32
		{D8256FED-2FC1-4D2D-9F64-C95874B9D08D}.Debug|Mixed Platforms.Build.0 = Debug|Win32
		{D8256FED-2FC1-4D2D-9F64-C95874B9D08D}.Debug|Win32.ActiveCfg = Debug|Win32
		{D8256FED-2FC1-4D2D-9F64-C95874B9D08D}.Debug|Win32.Build.0 = Debug|Win32
		{D8256FED-2FC1-4D2D-9F64-C95874B9D08D}.Debug|x64.ActiveCfg = Debug|x64
		{D8256FED-2FC1-4D2D-9F64-C95874B9D08D}.Debug|x64.Build.0 = Debug|x64
		{D8256FED-2FC1-4D2D-9F64-C95874B9D08D}.Release|Any CPU.ActiveCfg = Release|Win32
		{D8256FED-2FC1-4D2D-9F64-C95874B9D08D}.Release|Mixed Platforms.ActiveCfg = Release|Win32
		{D8256FED-2FC1-4D2D-9F64-C95874B9D08D}.Release|Mixed Platforms.Build.0 = Release|Win32
		{D8256FED-2FC1-4D2D-9F64-C95874B9D08D}.Release|Win32.ActiveCfg = Release|Win32
		{D8256FED-2FC1-4D2D-9F64-C95874B9D08D}.Release|Win32.Build.0 = Release|Win32
		{D8256FED-2FC1-4D2D-9F64-C95874B9D08D}.Release|x64.ActiveCfg = Release|x64
		{D8256FED-2FC1-4D2D-9F64-C95874B9D08D}.Release|x64.Build.0 = Release|x64
		{20FCEED0-8E19-40C6-BBFB-4913F4A584BE}.Debug|Any CPU.ActiveCfg = Debug|Win32
		{20FCEED0-8E19-40C6-BBFB-4913F4A584BE}.Debug|Mixed Platforms.ActiveCfg = Debug|Win32
		{20FCEED0-8E19-40C6-BBFB-4913F4A584BE}.Debug|Mixed Platforms.Build.0 = Debug|Win32
		{20FCEED0-8E19-40C6-BBFB-4913F4A584BE}.Debug|Win32.ActiveCfg = Debug|Win32
		{20FCEED0-8E19-40C6-BBFB-4913F4A584BE}.Debug|Win32.Build.0 = Debug|Win32
		{20FCEED0-8E19-40C6-BBFB-4913F4A584BE}.Debug|x64.ActiveCfg = Debug|x64
		{20FCEED0-8E19-40C6-BBFB-4913F4A584BE}.Debug|x64.Build.0 = Debug|x64
		{20FCEED0-8E19-40C6-BBFB-4913F4A584BE}.Release|Any CPU.ActiveCfg = Release|Win32
		{20FCEED0-8E19-40C6-BBFB-4913F4A584BE}.Release|Mixed Platforms.ActiveCfg = Release|Win32
		{20FCEED0-8E19-40C6-BBFB-4913F4A584BE}.Release|Mixed Platforms.Build.0 = Release|Win32
		{20FCEED0-8E19-40C6-BBFB-4913F4A584BE}.Release|Win32.ActiveCfg = Release|Win32
		{20FCEED0-8E19-40C6-BBFB-4913F4A584BE}.Release|Win32.Build.0 = Release|Win32
		{20FCEED0-8E19-40C6-BBFB-4913F4A584BE}.Release|x64.ActiveCfg = Release|x64
		{20FCEED0-8E19-40C6-BBFB-4913F4A584BE}.Release|x64.Build.0 = Release|x64
		{9F8D0003-C549-4A3C-B2E1-6D4556CD15FC}.Debug|Any CPU.ActiveCfg = Debug|Win32
		{9F8D0003-C549-4A3C-B2E1-6D4556CD15FC}.Debug|Mixed Platforms.ActiveCfg = Debug|Win32
		{9F8D0003-C549-4A3C-B2E1-6D4556CD15FC}.Debug|Mixed Platforms.Build.0 = Debug|Win32
		{9F8D0003-C549-4A3C-B2E1-6D4556CD15FC}.Debug|Win32.ActiveCfg = Debug|Win32
		{9F8D0003-C549-4A3C-B2E1-6D4556CD15FC}.Debug|Win32.Build.0 = Debug|Win32
		{9F8D0003-C549-4A3C-B2E1-6D4556CD15FC}.Debug|x64.ActiveCfg = Debug|x64
		{9F8D0003-C549-4A3C-B2E1-6D4556CD15FC}.Debug|x64.Build.0 = Debug|x64
		{9F8D0003-C549-4A3C-B2E1-6D4556CD15FC}.Release|Any CPU.ActiveCfg = Release|Win32
		{9F8D0003-C549-4A3C-B2E1-6D4556CD15FC}.Release|Mixed Platforms.ActiveCfg = Release|Win32
		{9F8D0003-C549-4A3C-B2E1-6D4556CD15FC}.Release|Mixed Platforms.Build.0 = Release|Win32
		{9F8D0003-C549-4A3C-B2E1-6D4556CD15FC}.Release|Win32.ActiveCfg = Release|Win32
		{9F8D0003-C549-4A3C-B2E1-6D4556CD15FC}.Release|Win32.Build.0 = Release|Win32
		{9F8D0003-C549-4A3C-B2E1-6D4556CD15FC}.Release|x64.ActiveCfg = Release|x64
		{9F8D0003-C549-4A3C-B2E1-6D4556CD15FC}.Release|x64.Build.0 = Release|x64
		{FAD14396-CBFD-4E69-8302-42E9E6E03966}.Debug|Any CPU.ActiveCfg = Debug|Win32
		{FAD14396-CBFD-4E69-8302-42E9E6E03966}.Debug|Mixed Platforms.ActiveCfg = Debug|Win32
		{FAD14396-CBFD-4E69-8302-42E9E6E03966}.Debug|Mixed Platforms.Build.0 = Debug|Win32
		{FAD14396-CBFD-4E69-8302-42E9E6E03966}.Debug|Win32.ActiveCfg = Debug|Win32
		{FAD14396-CBFD-4E69-8302-42E9E6E03966}.Debug|Win32.Build.0 = Debug|Win32
		{FAD14396-CBFD-4E69-8302-42E9E6E03966}.Debug|x64.ActiveCfg = Debug|x64
		{FAD14396-CBFD-4E69-8302-42E9E6E03966}.Debug|x64.Build.0 = Debug|x64
		{FAD14396-CBFD-4E69-8302-42E9E6E03966}.Release|Any CPU.ActiveCfg = Release|Win32
		{FAD14396-CBFD-4E69-8302-42E9E6E03966}.Release|Mixed Platforms.ActiveCfg = Release|Win32
		{FAD14396-CBFD-4E69-8302-42E9E6E03966}.Release|Mixed Platforms.Build.0 = Release|Win32
		{FAD14396-CBFD-4E69-8302-42E9E6E03966}.Release|Win32.ActiveCfg = Release|Win32
		{FAD14396-CBFD-4E69-8302-42E9E6E03966}.Release|Win32.Build.0 = Release|Win32
		{FAD14396-CBFD-4E69-8302-42E9E6E03966}.Release|x64.ActiveCfg = Release|x64
		{FAD14396-CBFD-4E69-8302-42E9E6E03966}.Release|x64.Build.0 = Release|x64
		{686F7406-5009-4FAE-AE38-4DC38B89E0A3}.Debug|Any CPU.ActiveCfg = Debug|Win32
		{686F7406-5009-4FAE-AE38-4DC38B89E0A3}.Debug|Mixed Platforms.ActiveCfg = Debug|Win32
		{686F7406-5009-4FAE-AE38-4DC38B89E0A3}.Debug|Mixed Platforms.Build.0 = Debug|Win32
		{686F7406-5009-4FAE-AE38-4DC38B89E0A3}.Debug|Win32.ActiveCfg = Debug|Win32
		{686F7406-5009-4FAE-AE38-4DC38B89E0A3}.Debug|Win32.Build.0 = Debug|Win32
		{686F7406-5009-4FAE-AE38-4DC38B89E0A3}.Debug|x64.ActiveCfg = Debug|x64
		{686F7406-5009-4FAE-AE38-4DC38B89E0A3}.Debug|x64.Build.0 = Debug|x64
		{686F7406-5009-4FAE-AE38-4DC38B89E0A3}.Release|Any CPU.ActiveCfg = Release|Win32
		{686F7406-5009-4FAE-AE38-4DC38B89E0A3}.Release|Mixed Platforms.ActiveCfg = Release|Win32
		{686F7406-5009-4FAE-AE38-4DC38B89E0A3}.Release|Mixed Platforms.Build.0 = Release|Win32
		{686F7406-5009-4FAE-AE38-4DC38B89E0A3}.Release|Win32.ActiveCfg = Release|Win32
		{686F7406-5009-4FAE-AE38-4DC38B89E0A3}.Release|Win32.Build.0 = Release|Win32
		{686F7406-5009-4FAE-AE38-4DC38B89E0A3}.Release|x64.ActiveCfg = Release|x64
		{686F7406-5009-4FAE-AE38-4DC38B89E0A3}.Release|x64.Build.0 = Release|x64
		{4817B880-79B2-4657-979C-C3E9FF2FE335}.Debug|Any CPU.ActiveCfg = Debug|Win32
		{4817B880-79B2-4657-979C-C3E9FF2FE335}.Debug|Mixed Platforms.ActiveCfg = Debug|Win32
		{4817B880-79B2-4657-979C-C3E9FF2FE335}.Debug|Mixed Platforms.Build.0 = Debug|Win32
		{4817B880-79B2-4657-979C-C3E9FF2FE335}.Debug|Win32.ActiveCfg = Debug|Win32
		{4817B880-79B2-4657-979C-C3E9FF2FE335}.Debug|Win32.Build.0 = Debug|Win32
		{4817B880-79B2-4657-979C-C3E9FF2FE335}.Debug|x64.ActiveCfg = Debug|x64
		{4817B880-79B2-4657-979C-C3E9FF2FE335}.Debug|x64.Build.0 = Debug|x64
		{4817B880-79B2-4657-979C-C3E9FF2FE335}.Release|Any CPU.ActiveCfg = Release|Win32
		{4817B880-79B2-4657-979C-C3E9FF2FE335}.Release|Mixed Platforms.ActiveCfg = Release|Win32
		{4817B880-79B2-4657-979C-C3E9FF2FE335}.Release|Mixed Platforms.Build.0 = Release|Win32
		{4817B880-79B2-4657-979C-C3E9FF2FE335}.Release|Win32.ActiveCfg = Release|Win32
		{4817B880-79B2-4657-979C-C3E9FF2FE335}.Release|Win32.Build.0 = Release|Win32
		{4817B880-79B2-4657-979C-C3E9FF2FE335}.Release|x64.ActiveCfg = Release|x64
		{4817B880-79B2-4657-979C-C3E9FF2FE335}.Release|x64.Build.0 = Release|x64
		{CD150F8F-67FA-498D-83A6-1DA9FF81CCAB}.Debug|Any CPU.ActiveCfg = Debug|Any CPU
		{CD150F8F-67FA-498D-83A6-1DA9FF81CCAB}.Debug|Any CPU.Build.0 = Debug|Any CPU
		{CD150F8F-67FA-498D-83A6-1DA9FF81CCAB}.Debug|Mixed Platforms.ActiveCfg = Debug|Any CPU
		{CD150F8F-67FA-498D-83A6-1DA9FF81CCAB}.Debug|Mixed Platforms.Build.0 = Debug|Any CPU
		{CD150F8F-67FA-498D-83A6-1DA9FF81CCAB}.Debug|Win32.ActiveCfg = Debug|Any CPU
		{CD150F8F-67FA-498D-83A6-1DA9FF81CCAB}.Debug|Win32.Build.0 = Debug|Any CPU
		{CD150F8F-67FA-498D-83A6-1DA9FF81CCAB}.Debug|x64.ActiveCfg = Debug|x64
		{CD150F8F-67FA-498D-83A6-1DA9FF81CCAB}.Debug|x64.Build.0 = Debug|x64
		{CD150F8F-67FA-498D-83A6-1DA9FF81CCAB}.Release|Any CPU.ActiveCfg = Release|Any CPU
		{CD150F8F-67FA-498D-83A6-1DA9FF81CCAB}.Release|Any CPU.Build.0 = Release|Any CPU
		{CD150F8F-67FA-498D-83A6-1DA9FF81CCAB}.Release|Mixed Platforms.ActiveCfg = Release|Any CPU
		{CD150F8F-67FA-498D-83A6-1DA9FF81CCAB}.Release|Mixed Platforms.Build.0 = Release|Any CPU
		{CD150F8F-67FA-498D-83A6-1DA9FF81CCAB}.Release|Win32.ActiveCfg = Release|Any CPU
		{CD150F8F-67FA-498D-83A6-1DA9FF81CCAB}.Release|Win32.Build.0 = Release|Any CPU
		{CD150F8F-67FA-498D-83A6-1DA9FF81CCAB}.Release|x64.ActiveCfg = Release|x64
		{CD150F8F-67FA-498D-83A6-1DA9FF81CCAB}.Release|x64.Build.0 = Release|x64
		{C97DFA05-1F02-4502-BDDF-2A5826AB9BD3}.Debug|Any CPU.ActiveCfg = Debug|Win32
		{C97DFA05-1F02-4502-BDDF-2A5826AB9BD3}.Debug|Mixed Platforms.ActiveCfg = Debug|Win32
		{C97DFA05-1F02-4502-BDDF-2A5826AB9BD3}.Debug|Mixed Platforms.Build.0 = Debug|Win32
		{C97DFA05-1F02-4502-BDDF-2A5826AB9BD3}.Debug|Win32.ActiveCfg = Debug|Win32
		{C97DFA05-1F02-4502-BDDF-2A5826AB9BD3}.Debug|Win32.Build.0 = Debug|Win32
		{C97DFA05-1F02-4502-BDDF-2A5826AB9BD3}.Debug|x64.ActiveCfg = Debug|x64
		{C97DFA05-1F02-4502-BDDF-2A5826AB9BD3}.Debug|x64.Build.0 = Debug|x64
		{C97DFA05-1F02-4502-BDDF-2A5826AB9BD3}.Release|Any CPU.ActiveCfg = Release|Win32
		{C97DFA05-1F02-4502-BDDF-2A5826AB9BD3}.Release|Mixed Platforms.ActiveCfg = Release|Win32
		{C97DFA05-1F02-4502-BDDF-2A5826AB9BD3}.Release|Mixed Platforms.Build.0 = Release|Win32
		{C97DFA05-1F02-4502-BDDF-2A5826AB9BD3}.Release|Win32.ActiveCfg = Release|Win32
		{C97DFA05-1F02-4502-BDDF-2A5826AB9BD3}.Release|Win32.Build.0 = Release|Win32
		{C97DFA05-1F02-4502-BDDF-2A5826AB9BD3}.Release|x64.ActiveCfg = Release|x64
		{C97DFA05-1F02-4502-BDDF-2A5826AB9BD3}.Release|x64.Build.0 = Release|x64
		{CC1CB7C9-BE7D-4ED2-99CD-27D05C5157FB}.Debug|Any CPU.ActiveCfg = Debug|Win32
		{CC1CB7C9-BE7D-4ED2-99CD-27D05C5157FB}.Debug|Mixed Platforms.ActiveCfg = Debug|Win32
		{CC1CB7C9-BE7D-4ED2-99CD-27D05C5157FB}.Debug|Mixed Platforms.Build.0 = Debug|Win32
		{CC1CB7C9-BE7D-4ED2-99CD-27D05C5157FB}.Debug|Win32.ActiveCfg = Debug|Win32
		{CC1CB7C9-BE7D-4ED2-99CD-27D05C5157FB}.Debug|Win32.Build.0 = Debug|Win32
		{CC1CB7C9-BE7D-4ED2-99CD-27D05C5157FB}.Debug|x64.ActiveCfg = Debug|x64
		{CC1CB7C9-BE7D-4ED2-99CD-27D05C5157FB}.Debug|x64.Build.0 = Debug|x64
		{CC1CB7C9-BE7D-4ED2-99CD-27D05C5157FB}.Release|Any CPU.ActiveCfg = Release|Win32
		{CC1CB7C9-BE7D-4ED2-99CD-27D05C5157FB}.Release|Mixed Platforms.ActiveCfg = Release|Win32
		{CC1CB7C9-BE7D-4ED2-99CD-27D05C5157FB}.Release|Mixed Platforms.Build.0 = Release|Win32
		{CC1CB7C9-BE7D-4ED2-99CD-27D05C5157FB}.Release|Win32.ActiveCfg = Release|Win32
		{CC1CB7C9-BE7D-4ED2-99CD-27D05C5157FB}.Release|Win32.Build.0 = Release|Win32
		{CC1CB7C9-BE7D-4ED2-99CD-27D05C5157FB}.Release|x64.ActiveCfg = Release|x64
		{CC1CB7C9-BE7D-4ED2-99CD-27D05C5157FB}.Release|x64.Build.0 = Release|x64
		{19094BA3-F969-4E49-9EAF-C56712B84424}.Debug|Any CPU.ActiveCfg = Debug|Win32
		{19094BA3-F969-4E49-9EAF-C56712B84424}.Debug|Mixed Platforms.ActiveCfg = Debug|Win32
		{19094BA3-F969-4E49-9EAF-C56712B84424}.Debug|Mixed Platforms.Build.0 = Debug|Win32
		{19094BA3-F969-4E49-9EAF-C56712B84424}.Debug|Win32.ActiveCfg = Debug|Win32
		{19094BA3-F969-4E49-9EAF-C56712B84424}.Debug|Win32.Build.0 = Debug|Win32
		{19094BA3-F969-4E49-9EAF-C56712B84424}.Debug|x64.ActiveCfg = Debug|x64
		{19094BA3-F969-4E49-9EAF-C56712B84424}.Debug|x64.Build.0 = Debug|x64
		{19094BA3-F969-4E49-9EAF-C56712B84424}.Release|Any CPU.ActiveCfg = Release|Win32
		{19094BA3-F969-4E49-9EAF-C56712B84424}.Release|Mixed Platforms.ActiveCfg = Release|Win32
		{19094BA3-F969-4E49-9EAF-C56712B84424}.Release|Mixed Platforms.Build.0 = Release|Win32
		{19094BA3-F969-4E49-9EAF-C56712B84424}.Release|Win32.ActiveCfg = Release|Win32
		{19094BA3-F969-4E49-9EAF-C56712B84424}.Release|Win32.Build.0 = Release|Win32
		{19094BA3-F969-4E49-9EAF-C56712B84424}.Release|x64.ActiveCfg = Release|x64
		{19094BA3-F969-4E49-9EAF-C56712B84424}.Release|x64.Build.0 = Release|x64
		{ADD9D35F-32E7-4D6B-B7D8-B40346C05F46}.Debug|Any CPU.ActiveCfg = Debug|Win32
		{ADD9D35F-32E7-4D6B-B7D8-B40346C05F46}.Debug|Mixed Platforms.ActiveCfg = Debug|Win32
		{ADD9D35F-32E7-4D6B-B7D8-B40346C05F46}.Debug|Mixed Platforms.Build.0 = Debug|Win32
		{ADD9D35F-32E7-4D6B-B7D8-B40346C05F46}.Debug|Win32.ActiveCfg = Debug|Win32
		{ADD9D35F-32E7-4D6B-B7D8-B40346C05F46}.Debug|Win32.Build.0 = Debug|Win32
		{ADD9D35F-32E7-4D6B-B7D8-B40346C05F46}.Debug|x64.ActiveCfg = Debug|x64
		{ADD9D35F-32E7-4D6B-B7D8-B40346C05F46}.Debug|x64.Build.0 = Debug|x64
		{ADD9D35F-32E7-4D6B-B7D8-B40346C05F46}.Release|Any CPU.ActiveCfg = Release|Win32
		{ADD9D35F-32E7-4D6B-B7D8-B40346C05F46}.Release|Mixed Platforms.ActiveCfg = Release|Win32
		{ADD9D35F-32E7-4D6B-B7D8-B40346C05F46}.Release|Mixed Platforms.Build.0 = Release|Win32
		{ADD9D35F-32E7-4D6B-B7D8-B40346C05F46}.Release|Win32.ActiveCfg = Release|Win32
		{ADD9D35F-32E7-4D6B-B7D8-B40346C05F46}.Release|Win32.Build.0 = Release|Win32
		{ADD9D35F-32E7-4D6B-B7D8-B40346C05F46}.Release|x64.ActiveCfg = Release|x64
		{ADD9D35F-32E7-4D6B-B7D8-B40346C05F46}.Release|x64.Build.0 = Release|x64
		{0B1DF79B-B09C-40D7-84B0-9F2DC1B47424}.Debug|Any CPU.ActiveCfg = Debug|Win32
		{0B1DF79B-B09C-40D7-84B0-9F2DC1B47424}.Debug|Mixed Platforms.ActiveCfg = Debug|Win32
		{0B1DF79B-B09C-40D7-84B0-9F2DC1B47424}.Debug|Mixed Platforms.Build.0 = Debug|Win32
		{0B1DF79B-B09C-40D7-84B0-9F2DC1B47424}.Debug|Win32.ActiveCfg = Debug|Win32
		{0B1DF79B-B09C-40D7-84B0-9F2DC1B47424}.Debug|Win32.Build.0 = Debug|Win32
		{0B1DF79B-B09C-40D7-84B0-9F2DC1B47424}.Debug|x64.ActiveCfg = Debug|x64
		{0B1DF79B-B09C-40D7-84B0-9F2DC1B47424}.Debug|x64.Build.0 = Debug|x64
		{0B1DF79B-B09C-40D7-84B0-9F2DC1B47424}.Release|Any CPU.ActiveCfg = Release|Win32
		{0B1DF79B-B09C-40D7-84B0-9F2DC1B47424}.Release|Mixed Platforms.ActiveCfg = Release|Win32
		{0B1DF79B-B09C-40D7-84B0-9F2DC1B47424}.Release|Mixed Platforms.Build.0 = Release|Win32
		{0B1DF79B-B09C-40D7-84B0-9F2DC1B47424}.Release|Win32.ActiveCfg = Release|Win32
		{0B1DF79B-B09C-40D7-84B0-9F2DC1B47424}.Release|Win32.Build.0 = Release|Win32
		{0B1DF79B-B09C-40D7-84B0-9F2DC1B47424}.Release|x64.ActiveCfg = Release|x64
		{0B1DF79B-B09C-40D7-84B0-9F2DC1B47424}.Release|x64.Build.0 = Release|x64
		{15D4F84A-DEAD-4FE0-9602-6FC59D310B2B}.Debug|Any CPU.ActiveCfg = Debug|Win32
		{15D4F84A-DEAD-4FE0-9602-6FC59D310B2B}.Debug|Mixed Platforms.ActiveCfg = Debug|Win32
		{15D4F84A-DEAD-4FE0-9602-6FC59D310B2B}.Debug|Mixed Platforms.Build.0 = Debug|Win32
		{15D4F84A-DEAD-4FE0-9602-6FC59D310B2B}.Debug|Win32.ActiveCfg = Debug|Win32
		{15D4F84A-DEAD-4FE0-9602-6FC59D310B2B}.Debug|Win32.Build.0 = Debug|Win32
		{15D4F84A-DEAD-4FE0-9602-6FC59D310B2B}.Debug|x64.ActiveCfg = Debug|x64
		{15D4F84A-DEAD-4FE0-9602-6FC59D310B2B}.Debug|x64.Build.0 = Debug|x64
		{15D4F84A-DEAD-4FE0-9602-6FC59D310B2B}.Release|Any CPU.ActiveCfg = Release|Win32
		{15D4F84A-DEAD-4FE0-9602-6FC59D310B2B}.Release|Mixed Platforms.ActiveCfg = Release|Win32
		{15D4F84A-DEAD-4FE0-9602-6FC59D310B2B}.Release|Mixed Platforms.Build.0 = Release|Win32
		{15D4F84A-DEAD-4FE0-9602-6FC59D310B2B}.Release|Win32.ActiveCfg = Release|Win32
		{15D4F84A-DEAD-4FE0-9602-6FC59D310B2B}.Release|Win32.Build.0 = Release|Win32
		{15D4F84A-DEAD-4FE0-9602-6FC59D310B2B}.Release|x64.ActiveCfg = Release|x64
		{15D4F84A-DEAD-4FE0-9602-6FC59D310B2B}.Release|x64.Build.0 = Release|x64
		{255CB96C-8410-473F-B17C-12772D265844}.Debug|Any CPU.ActiveCfg = Debug|Win32
		{255CB96C-8410-473F-B17C-12772D265844}.Debug|Mixed Platforms.ActiveCfg = Debug|Win32
		{255CB96C-8410-473F-B17C-12772D265844}.Debug|Mixed Platforms.Build.0 = Debug|Win32
		{255CB96C-8410-473F-B17C-12772D265844}.Debug|Win32.ActiveCfg = Debug|Win32
		{255CB96C-8410-473F-B17C-12772D265844}.Debug|Win32.Build.0 = Debug|Win32
		{255CB96C-8410-473F-B17C-12772D265844}.Debug|x64.ActiveCfg = Debug|x64
		{255CB96C-8410-473F-B17C-12772D265844}.Debug|x64.Build.0 = Debug|x64
		{255CB96C-8410-473F-B17C-12772D265844}.Release|Any CPU.ActiveCfg = Release|Win32
		{255CB96C-8410-473F-B17C-12772D265844}.Release|Mixed Platforms.ActiveCfg = Release|Win32
		{255CB96C-8410-473F-B17C-12772D265844}.Release|Mixed Platforms.Build.0 = Release|Win32
		{255CB96C-8410-473F-B17C-12772D265844}.Release|Win32.ActiveCfg = Release|Win32
		{255CB96C-8410-473F-B17C-12772D265844}.Release|Win32.Build.0 = Release|Win32
		{255CB96C-8410-473F-B17C-12772D265844}.Release|x64.ActiveCfg = Release|x64
		{255CB96C-8410-473F-B17C-12772D265844}.Release|x64.Build.0 = Release|x64
		{4F7595A1-B5D8-4059-8268-77114462D1DA}.Debug|Any CPU.ActiveCfg = Debug|Win32
		{4F7595A1-B5D8-4059-8268-77114462D1DA}.Debug|Mixed Platforms.ActiveCfg = Debug|Win32
		{4F7595A1-B5D8-4059-8268-77114462D1DA}.Debug|Mixed Platforms.Build.0 = Debug|Win32
		{4F7595A1-B5D8-4059-8268-77114462D1DA}.Debug|Win32.ActiveCfg = Debug|Win32
		{4F7595A1-B5D8-4059-8268-77114462D1DA}.Debug|Win32.Build.0 = Debug|Win32
		{4F7595A1-B5D8-4059-8268-77114462D1DA}.Debug|x64.ActiveCfg = Debug|x64
		{4F7595A1-B5D8-4059-8268-77114462D1DA}.Debug|x64.Build.0 = Debug|x64
		{4F7595A1-B5D8-4059-8268-77114462D1DA}.Release|Any CPU.ActiveCfg = Release|Win32
		{4F7595A1-B5D8-4059-8268-77114462D1DA}.Release|Mixed Platforms.ActiveCfg = Release|Win32
		{4F7595A1-B5D8-4059-8268-77114462D1DA}.Release|Mixed Platforms.Build.0 = Release|Win32
		{4F7595A1-B5D8-4059-8268-77114462D1DA}.Release|Win32.ActiveCfg = Release|Win32
		{4F7595A1-B5D8-4059-8268-77114462D1DA}.Release|Win32.Build.0 = Release|Win32
		{4F7595A1-B5D8-4059-8268-77114462D1DA}.Release|x64.ActiveCfg = Release|x64
		{4F7595A1-B5D8-4059-8268-77114462D1DA}.Release|x64.Build.0 = Release|x64
		{D9DDFB60-123E-4034-9CC8-A2F159170762}.Debug|Any CPU.ActiveCfg = Debug|Win32
		{D9DDFB60-123E-4034-9CC8-A2F159170762}.Debug|Mixed Platforms.ActiveCfg = Debug|Win32
		{D9DDFB60-123E-4034-9CC8-A2F159170762}.Debug|Mixed Platforms.Build.0 = Debug|Win32
		{D9DDFB60-123E-4034-9CC8-A2F159170762}.Debug|Win32.ActiveCfg = Debug|Win32
		{D9DDFB60-123E-4034-9CC8-A2F159170762}.Debug|Win32.Build.0 = Debug|Win32
		{D9DDFB60-123E-4034-9CC8-A2F159170762}.Debug|x64.ActiveCfg = Debug|x64
		{D9DDFB60-123E-4034-9CC8-A2F159170762}.Debug|x64.Build.0 = Debug|x64
		{D9DDFB60-123E-4034-9CC8-A2F159170762}.Release|Any CPU.ActiveCfg = Release|Win32
		{D9DDFB60-123E-4034-9CC8-A2F159170762}.Release|Mixed Platforms.ActiveCfg = Release|Win32
		{D9DDFB60-123E-4034-9CC8-A2F159170762}.Release|Mixed Platforms.Build.0 = Release|Win32
		{D9DDFB60-123E-4034-9CC8-A2F159170762}.Release|Win32.ActiveCfg = Release|Win32
		{D9DDFB60-123E-4034-9CC8-A2F159170762}.Release|Win32.Build.0 = Release|Win32
		{D9DDFB60-123E-4034-9CC8-A2F159170762}.Release|x64.ActiveCfg = Release|x64
		{D9DDFB60-123E-4034-9CC8-A2F159170762}.Release|x64.Build.0 = Release|x64
		{AC3F3FE6-71D1-4297-823C-62F4BEA93320}.Debug|Any CPU.ActiveCfg = Debug|Win32
		{AC3F3FE6-71D1-4297-823C-62F4BEA93320}.Debug|Mixed Platforms.ActiveCfg = Debug|Win32
		{AC3F3FE6-71D1-4297-823C-62F4BEA93320}.Debug|Mixed Platforms.Build.0 = Debug|Win32
		{AC3F3FE6-71D1-4297-823C-62F4BEA93320}.Debug|Win32.ActiveCfg = Debug|Win32
		{AC3F3FE6-71D1-4297-823C-62F4BEA93320}.Debug|Win32.Build.0 = Debug|Win32
		{AC3F3FE6-71D1-4297-823C-62F4BEA93320}.Debug|x64.ActiveCfg = Debug|x64
		{AC3F3FE6-71D1-4297-823C-62F4BEA93320}.Debug|x64.Build.0 = Debug|x64
		{AC3F3FE6-71D1-4297-823C-62F4BEA93320}.Release|Any CPU.ActiveCfg = Release|Win32
		{AC3F3FE6-71D1-4297-823C-62F4BEA93320}.Release|Mixed Platforms.ActiveCfg = Release|Win32
		{AC3F3FE6-71D1-4297-823C-62F4BEA93320}.Release|Mixed Platforms.Build.0 = Release|Win32
		{AC3F3FE6-71D1-4297-823C-62F4BEA93320}.Release|Win32.ActiveCfg = Release|Win32
		{AC3F3FE6-71D1-4297-823C-62F4BEA93320}.Release|Win32.Build.0 = Release|Win32
		{AC3F3FE6-71D1-4297-823C-62F4BEA93320}.Release|x64.ActiveCfg = Release|x64
		{AC3F3FE6-71D1-4297-823C-62F4BEA93320}.Release|x64.Build.0 = Release|x64
		{D84BBCBE-958B-457D-A6D4-90C227D0AEA4}.Debug|Any CPU.ActiveCfg = Debug|Win32
		{D84BBCBE-958B-457D-A6D4-90C227D0AEA4}.Debug|Mixed Platforms.ActiveCfg = Debug|Win32
		{D84BBCBE-958B-457D-A6D4-90C227D0AEA4}.Debug|Mixed Platforms.Build.0 = Debug|Win32
		{D84BBCBE-958B-457D-A6D4-90C227D0AEA4}.Debug|Win32.ActiveCfg = Debug|Win32
		{D84BBCBE-958B-457D-A6D4-90C227D0AEA4}.Debug|Win32.Build.0 = Debug|Win32
		{D84BBCBE-958B-457D-A6D4-90C227D0AEA4}.Debug|x64.ActiveCfg = Debug|x64
		{D84BBCBE-958B-457D-A6D4-90C227D0AEA4}.Debug|x64.Build.0 = Debug|x64
		{D84BBCBE-958B-457D-A6D4-90C227D0AEA4}.Release|Any CPU.ActiveCfg = Release|Win32
		{D84BBCBE-958B-457D-A6D4-90C227D0AEA4}.Release|Mixed Platforms.ActiveCfg = Release|Win32
		{D84BBCBE-958B-457D-A6D4-90C227D0AEA4}.Release|Mixed Platforms.Build.0 = Release|Win32
		{D84BBCBE-958B-457D-A6D4-90C227D0AEA4}.Release|Win32.ActiveCfg = Release|Win32
		{D84BBCBE-958B-457D-A6D4-90C227D0AEA4}.Release|Win32.Build.0 = Release|Win32
		{D84BBCBE-958B-457D-A6D4-90C227D0AEA4}.Release|x64.ActiveCfg = Release|x64
		{D84BBCBE-958B-457D-A6D4-90C227D0AEA4}.Release|x64.Build.0 = Release|x64
		{07B2B934-7484-4F54-B358-5E34E13BF32F}.Debug|Any CPU.ActiveCfg = Debug|Any CPU
		{07B2B934-7484-4F54-B358-5E34E13BF32F}.Debug|Any CPU.Build.0 = Debug|Any CPU
		{07B2B934-7484-4F54-B358-5E34E13BF32F}.Debug|Mixed Platforms.ActiveCfg = Debug|Any CPU
		{07B2B934-7484-4F54-B358-5E34E13BF32F}.Debug|Mixed Platforms.Build.0 = Debug|Any CPU
		{07B2B934-7484-4F54-B358-5E34E13BF32F}.Debug|Win32.ActiveCfg = Debug|Any CPU
		{07B2B934-7484-4F54-B358-5E34E13BF32F}.Debug|Win32.Build.0 = Debug|Any CPU
		{07B2B934-7484-4F54-B358-5E34E13BF32F}.Debug|x64.ActiveCfg = Debug|Any CPU
		{07B2B934-7484-4F54-B358-5E34E13BF32F}.Debug|x64.Build.0 = Debug|Any CPU
		{07B2B934-7484-4F54-B358-5E34E13BF32F}.Release|Any CPU.ActiveCfg = Release|Any CPU
		{07B2B934-7484-4F54-B358-5E34E13BF32F}.Release|Any CPU.Build.0 = Release|Any CPU
		{07B2B934-7484-4F54-B358-5E34E13BF32F}.Release|Mixed Platforms.ActiveCfg = Release|Any CPU
		{07B2B934-7484-4F54-B358-5E34E13BF32F}.Release|Mixed Platforms.Build.0 = Release|Any CPU
		{07B2B934-7484-4F54-B358-5E34E13BF32F}.Release|Win32.ActiveCfg = Release|Any CPU
		{07B2B934-7484-4F54-B358-5E34E13BF32F}.Release|Win32.Build.0 = Release|Any CPU
		{07B2B934-7484-4F54-B358-5E34E13BF32F}.Release|x64.ActiveCfg = Release|x64
		{07B2B934-7484-4F54-B358-5E34E13BF32F}.Release|x64.Build.0 = Release|x64
		{26A4A07C-1D20-407A-974C-62E5ACBFFDAD}.Debug|Any CPU.ActiveCfg = Debug|Win32
		{26A4A07C-1D20-407A-974C-62E5ACBFFDAD}.Debug|Mixed Platforms.ActiveCfg = Debug|Win32
		{26A4A07C-1D20-407A-974C-62E5ACBFFDAD}.Debug|Mixed Platforms.Build.0 = Debug|Win32
		{26A4A07C-1D20-407A-974C-62E5ACBFFDAD}.Debug|Win32.ActiveCfg = Debug|Win32
		{26A4A07C-1D20-407A-974C-62E5ACBFFDAD}.Debug|Win32.Build.0 = Debug|Win32
		{26A4A07C-1D20-407A-974C-62E5ACBFFDAD}.Debug|x64.ActiveCfg = Debug|x64
		{26A4A07C-1D20-407A-974C-62E5ACBFFDAD}.Debug|x64.Build.0 = Debug|x64
		{26A4A07C-1D20-407A-974C-62E5ACBFFDAD}.Release|Any CPU.ActiveCfg = Release|Win32
		{26A4A07C-1D20-407A-974C-62E5ACBFFDAD}.Release|Mixed Platforms.ActiveCfg = Release|Win32
		{26A4A07C-1D20-407A-974C-62E5ACBFFDAD}.Release|Mixed Platforms.Build.0 = Release|Win32
		{26A4A07C-1D20-407A-974C-62E5ACBFFDAD}.Release|Win32.ActiveCfg = Release|Win32
		{26A4A07C-1D20-407A-974C-62E5ACBFFDAD}.Release|Win32.Build.0 = Release|Win32
		{26A4A07C-1D20-407A-974C-62E5ACBFFDAD}.Release|x64.ActiveCfg = Release|x64
		{26A4A07C-1D20-407A-974C-62E5ACBFFDAD}.Release|x64.Build.0 = Release|x64
		{9E97518F-2497-425D-ACB2-2A3C97BC7CDD}.Debug|Any CPU.ActiveCfg = Debug|Win32
		{9E97518F-2497-425D-ACB2-2A3C97BC7CDD}.Debug|Mixed Platforms.ActiveCfg = Debug|Win32
		{9E97518F-2497-425D-ACB2-2A3C97BC7CDD}.Debug|Mixed Platforms.Build.0 = Debug|Win32
		{9E97518F-2497-425D-ACB2-2A3C97BC7CDD}.Debug|Win32.ActiveCfg = Debug|Win32
		{9E97518F-2497-425D-ACB2-2A3C97BC7CDD}.Debug|Win32.Build.0 = Debug|Win32
		{9E97518F-2497-425D-ACB2-2A3C97BC7CDD}.Debug|x64.ActiveCfg = Debug|x64
		{9E97518F-2497-425D-ACB2-2A3C97BC7CDD}.Debug|x64.Build.0 = Debug|x64
		{9E97518F-2497-425D-ACB2-2A3C97BC7CDD}.Release|Any CPU.ActiveCfg = Release|Win32
		{9E97518F-2497-425D-ACB2-2A3C97BC7CDD}.Release|Mixed Platforms.ActiveCfg = Release|Win32
		{9E97518F-2497-425D-ACB2-2A3C97BC7CDD}.Release|Mixed Platforms.Build.0 = Release|Win32
		{9E97518F-2497-425D-ACB2-2A3C97BC7CDD}.Release|Win32.ActiveCfg = Release|Win32
		{9E97518F-2497-425D-ACB2-2A3C97BC7CDD}.Release|Win32.Build.0 = Release|Win32
		{9E97518F-2497-425D-ACB2-2A3C97BC7CDD}.Release|x64.ActiveCfg = Release|x64
		{9E97518F-2497-425D-ACB2-2A3C97BC7CDD}.Release|x64.Build.0 = Release|x64
		{329A6E62-8AA7-4AE9-B442-468F1D367D54}.Debug|Any CPU.ActiveCfg = Debug|Win32
		{329A6E62-8AA7-4AE9-B442-468F1D367D54}.Debug|Mixed Platforms.ActiveCfg = Debug|Win32
		{329A6E62-8AA7-4AE9-B442-468F1D367D54}.Debug|Mixed Platforms.Build.0 = Debug|Win32
		{329A6E62-8AA7-4AE9-B442-468F1D367D54}.Debug|Win32.ActiveCfg = Debug|Win32
		{329A6E62-8AA7-4AE9-B442-468F1D367D54}.Debug|Win32.Build.0 = Debug|Win32
		{329A6E62-8AA7-4AE9-B442-468F1D367D54}.Debug|x64.ActiveCfg = Debug|x64
		{329A6E62-8AA7-4AE9-B442-468F1D367D54}.Debug|x64.Build.0 = Debug|x64
		{329A6E62-8AA7-4AE9-B442-468F1D367D54}.Release|Any CPU.ActiveCfg = Release|Win32
		{329A6E62-8AA7-4AE9-B442-468F1D367D54}.Release|Mixed Platforms.ActiveCfg = Release|Win32
		{329A6E62-8AA7-4AE9-B442-468F1D367D54}.Release|Mixed Platforms.Build.0 = Release|Win32
		{329A6E62-8AA7-4AE9-B442-468F1D367D54}.Release|Win32.ActiveCfg = Release|Win32
		{329A6E62-8AA7-4AE9-B442-468F1D367D54}.Release|Win32.Build.0 = Release|Win32
		{329A6E62-8AA7-4AE9-B442-468F1D367D54}.Release|x64.ActiveCfg = Release|x64
		{329A6E62-8AA7-4AE9-B442-468F1D367D54}.Release|x64.Build.0 = Release|x64
		{F599C00E-0DEF-4972-8A55-58BDA76DC2F5}.Debug|Any CPU.ActiveCfg = Debug|Win32
		{F599C00E-0DEF-4972-8A55-58BDA76DC2F5}.Debug|Mixed Platforms.ActiveCfg = Debug|Win32
		{F599C00E-0DEF-4972-8A55-58BDA76DC2F5}.Debug|Mixed Platforms.Build.0 = Debug|Win32
		{F599C00E-0DEF-4972-8A55-58BDA76DC2F5}.Debug|Win32.ActiveCfg = Debug|Win32
		{F599C00E-0DEF-4972-8A55-58BDA76DC2F5}.Debug|Win32.Build.0 = Debug|Win32
		{F599C00E-0DEF-4972-8A55-58BDA76DC2F5}.Debug|x64.ActiveCfg = Debug|x64
		{F599C00E-0DEF-4972-8A55-58BDA76DC2F5}.Debug|x64.Build.0 = Debug|x64
		{F599C00E-0DEF-4972-8A55-58BDA76DC2F5}.Release|Any CPU.ActiveCfg = Release|Win32
		{F599C00E-0DEF-4972-8A55-58BDA76DC2F5}.Release|Mixed Platforms.ActiveCfg = Release|Win32
		{F599C00E-0DEF-4972-8A55-58BDA76DC2F5}.Release|Mixed Platforms.Build.0 = Release|Win32
		{F599C00E-0DEF-4972-8A55-58BDA76DC2F5}.Release|Win32.ActiveCfg = Release|Win32
		{F599C00E-0DEF-4972-8A55-58BDA76DC2F5}.Release|Win32.Build.0 = Release|Win32
		{F599C00E-0DEF-4972-8A55-58BDA76DC2F5}.Release|x64.ActiveCfg = Release|x64
		{F599C00E-0DEF-4972-8A55-58BDA76DC2F5}.Release|x64.Build.0 = Release|x64
		{E5148EBD-3D54-4A68-ADC2-64D08A7C4FF2}.Debug|Any CPU.ActiveCfg = Debug|Win32
		{E5148EBD-3D54-4A68-ADC2-64D08A7C4FF2}.Debug|Mixed Platforms.ActiveCfg = Debug|Win32
		{E5148EBD-3D54-4A68-ADC2-64D08A7C4FF2}.Debug|Mixed Platforms.Build.0 = Debug|Win32
		{E5148EBD-3D54-4A68-ADC2-64D08A7C4FF2}.Debug|Win32.ActiveCfg = Debug|Win32
		{E5148EBD-3D54-4A68-ADC2-64D08A7C4FF2}.Debug|Win32.Build.0 = Debug|Win32
		{E5148EBD-3D54-4A68-ADC2-64D08A7C4FF2}.Debug|x64.ActiveCfg = Debug|x64
		{E5148EBD-3D54-4A68-ADC2-64D08A7C4FF2}.Debug|x64.Build.0 = Debug|x64
		{E5148EBD-3D54-4A68-ADC2-64D08A7C4FF2}.Release|Any CPU.ActiveCfg = Release|Win32
		{E5148EBD-3D54-4A68-ADC2-64D08A7C4FF2}.Release|Mixed Platforms.ActiveCfg = Release|Win32
		{E5148EBD-3D54-4A68-ADC2-64D08A7C4FF2}.Release|Mixed Platforms.Build.0 = Release|Win32
		{E5148EBD-3D54-4A68-ADC2-64D08A7C4FF2}.Release|Win32.ActiveCfg = Release|Win32
		{E5148EBD-3D54-4A68-ADC2-64D08A7C4FF2}.Release|Win32.Build.0 = Release|Win32
		{E5148EBD-3D54-4A68-ADC2-64D08A7C4FF2}.Release|x64.ActiveCfg = Release|x64
		{E5148EBD-3D54-4A68-ADC2-64D08A7C4FF2}.Release|x64.Build.0 = Release|x64
		{68C54379-8A4D-46DB-A8DF-1B921A9AFFD5}.Debug|Any CPU.ActiveCfg = Debug|x64
		{68C54379-8A4D-46DB-A8DF-1B921A9AFFD5}.Debug|Mixed Platforms.ActiveCfg = Debug|Win32
		{68C54379-8A4D-46DB-A8DF-1B921A9AFFD5}.Debug|Mixed Platforms.Build.0 = Debug|Win32
		{68C54379-8A4D-46DB-A8DF-1B921A9AFFD5}.Debug|Win32.ActiveCfg = Debug|Win32
		{68C54379-8A4D-46DB-A8DF-1B921A9AFFD5}.Debug|Win32.Build.0 = Debug|Win32
		{68C54379-8A4D-46DB-A8DF-1B921A9AFFD5}.Debug|x64.ActiveCfg = Debug|x64
		{68C54379-8A4D-46DB-A8DF-1B921A9AFFD5}.Debug|x64.Build.0 = Debug|x64
		{68C54379-8A4D-46DB-A8DF-1B921A9AFFD5}.Release|Any CPU.ActiveCfg = Release|x64
		{68C54379-8A4D-46DB-A8DF-1B921A9AFFD5}.Release|Mixed Platforms.ActiveCfg = Release|Win32
		{68C54379-8A4D-46DB-A8DF-1B921A9AFFD5}.Release|Mixed Platforms.Build.0 = Release|Win32
		{68C54379-8A4D-46DB-A8DF-1B921A9AFFD5}.Release|Win32.ActiveCfg = Release|Win32
		{68C54379-8A4D-46DB-A8DF-1B921A9AFFD5}.Release|Win32.Build.0 = Release|Win32
		{68C54379-8A4D-46DB-A8DF-1B921A9AFFD5}.Release|x64.ActiveCfg = Release|x64
		{68C54379-8A4D-46DB-A8DF-1B921A9AFFD5}.Release|x64.Build.0 = Release|x64
		{F0E326FA-8023-4A42-93F6-A33F8454596C}.Debug|Any CPU.ActiveCfg = Debug|x64
		{F0E326FA-8023-4A42-93F6-A33F8454596C}.Debug|Mixed Platforms.ActiveCfg = Debug|Win32
		{F0E326FA-8023-4A42-93F6-A33F8454596C}.Debug|Mixed Platforms.Build.0 = Debug|Win32
		{F0E326FA-8023-4A42-93F6-A33F8454596C}.Debug|Win32.ActiveCfg = Debug|Win32
		{F0E326FA-8023-4A42-93F6-A33F8454596C}.Debug|Win32.Build.0 = Debug|Win32
		{F0E326FA-8023-4A42-93F6-A33F8454596C}.Debug|x64.ActiveCfg = Debug|x64
		{F0E326FA-8023-4A42-93F6-A33F8454596C}.Debug|x64.Build.0 = Debug|x64
		{F0E326FA-8023-4A42-93F6-A33F8454596C}.Release|Any CPU.ActiveCfg = Release|x64
		{F0E326FA-8023-4A42-93F6-A33F8454596C}.Release|Mixed Platforms.ActiveCfg = Release|Win32
		{F0E326FA-8023-4A42-93F6-A33F8454596C}.Release|Mixed Platforms.Build.0 = Release|Win32
		{F0E326FA-8023-4A42-93F6-A33F8454596C}.Release|Win32.ActiveCfg = Release|Win32
		{F0E326FA-8023-4A42-93F6-A33F8454596C}.Release|Win32.Build.0 = Release|Win32
		{F0E326FA-8023-4A42-93F6-A33F8454596C}.Release|x64.ActiveCfg = Release|x64
		{F0E326FA-8023-4A42-93F6-A33F8454596C}.Release|x64.Build.0 = Release|x64
		{1791F643-0A6F-4C5F-B665-ED1301990A38}.Debug|Any CPU.ActiveCfg = Debug|x64
		{1791F643-0A6F-4C5F-B665-ED1301990A38}.Debug|Mixed Platforms.ActiveCfg = Debug|x64
		{1791F643-0A6F-4C5F-B665-ED1301990A38}.Debug|Mixed Platforms.Build.0 = Debug|x64
		{1791F643-0A6F-4C5F-B665-ED1301990A38}.Debug|Win32.ActiveCfg = Debug|Win32
		{1791F643-0A6F-4C5F-B665-ED1301990A38}.Debug|Win32.Build.0 = Debug|Win32
		{1791F643-0A6F-4C5F-B665-ED1301990A38}.Debug|x64.ActiveCfg = Debug|x64
		{1791F643-0A6F-4C5F-B665-ED1301990A38}.Debug|x64.Build.0 = Debug|x64
		{1791F643-0A6F-4C5F-B665-ED1301990A38}.Release|Any CPU.ActiveCfg = Release|x64
		{1791F643-0A6F-4C5F-B665-ED1301990A38}.Release|Mixed Platforms.ActiveCfg = Release|x64
		{1791F643-0A6F-4C5F-B665-ED1301990A38}.Release|Mixed Platforms.Build.0 = Release|x64
		{1791F643-0A6F-4C5F-B665-ED1301990A38}.Release|Win32.ActiveCfg = Release|Win32
		{1791F643-0A6F-4C5F-B665-ED1301990A38}.Release|Win32.Build.0 = Release|Win32
		{1791F643-0A6F-4C5F-B665-ED1301990A38}.Release|x64.ActiveCfg = Release|x64
		{1791F643-0A6F-4C5F-B665-ED1301990A38}.Release|x64.Build.0 = Release|x64
		{A099D92B-9DA3-408C-8DAC-9E032BC6F15F}.Debug|Any CPU.ActiveCfg = Debug|x64
		{A099D92B-9DA3-408C-8DAC-9E032BC6F15F}.Debug|Mixed Platforms.ActiveCfg = Debug|x64
		{A099D92B-9DA3-408C-8DAC-9E032BC6F15F}.Debug|Mixed Platforms.Build.0 = Debug|x64
		{A099D92B-9DA3-408C-8DAC-9E032BC6F15F}.Debug|Win32.ActiveCfg = Debug|Win32
		{A099D92B-9DA3-408C-8DAC-9E032BC6F15F}.Debug|Win32.Build.0 = Debug|Win32
		{A099D92B-9DA3-408C-8DAC-9E032BC6F15F}.Debug|x64.ActiveCfg = Debug|x64
		{A099D92B-9DA3-408C-8DAC-9E032BC6F15F}.Debug|x64.Build.0 = Debug|x64
		{A099D92B-9DA3-408C-8DAC-9E032BC6F15F}.Release|Any CPU.ActiveCfg = Release|x64
		{A099D92B-9DA3-408C-8DAC-9E032BC6F15F}.Release|Mixed Platforms.ActiveCfg = Release|x64
		{A099D92B-9DA3-408C-8DAC-9E032BC6F15F}.Release|Mixed Platforms.Build.0 = Release|x64
		{A099D92B-9DA3-408C-8DAC-9E032BC6F15F}.Release|Win32.ActiveCfg = Release|Win32
		{A099D92B-9DA3-408C-8DAC-9E032BC6F15F}.Release|Win32.Build.0 = Release|Win32
		{A099D92B-9DA3-408C-8DAC-9E032BC6F15F}.Release|x64.ActiveCfg = Release|x64
		{A099D92B-9DA3-408C-8DAC-9E032BC6F15F}.Release|x64.Build.0 = Release|x64
		{490B840F-679B-460F-8D8B-CD13A254A4C8}.Debug|Any CPU.ActiveCfg = Debug|x64
		{490B840F-679B-460F-8D8B-CD13A254A4C8}.Debug|Mixed Platforms.ActiveCfg = Debug|x64
		{490B840F-679B-460F-8D8B-CD13A254A4C8}.Debug|Mixed Platforms.Build.0 = Debug|x64
		{490B840F-679B-460F-8D8B-CD13A254A4C8}.Debug|Win32.ActiveCfg = Debug|Win32
		{490B840F-679B-460F-8D8B-CD13A254A4C8}.Debug|Win32.Build.0 = Debug|Win32
		{490B840F-679B-460F-8D8B-CD13A254A4C8}.Debug|x64.ActiveCfg = Debug|x64
		{490B840F-679B-460F-8D8B-CD13A254A4C8}.Debug|x64.Build.0 = Debug|x64
		{490B840F-679B-460F-8D8B-CD13A254A4C8}.Release|Any CPU.ActiveCfg = Release|x64
		{490B840F-679B-460F-8D8B-CD13A254A4C8}.Release|Mixed Platforms.ActiveCfg = Release|x64
		{490B840F-679B-460F-8D8B-CD13A254A4C8}.Release|Mixed Platforms.Build.0 = Release|x64
		{490B840F-679B-460F-8D8B-CD13A254A4C8}.Release|Win32.ActiveCfg = Release|Win32
		{490B840F-679B-460F-8D8B-CD13A254A4C8}.Release|Win32.Build.0 = Release|Win32
		{490B840F-679B-460F-8D8B-CD13A254A4C8}.Release|x64.ActiveCfg = Release|x64
		{490B840F-679B-460F-8D8B-CD13A254A4C8}.Release|x64.Build.0 = Release|x64
		{87BAF97E-55F1-420D-A0D1-D9E8B97EC376}.Debug|Any CPU.ActiveCfg = Debug|x64
		{87BAF97E-55F1-420D-A0D1-D9E8B97EC376}.Debug|Mixed Platforms.ActiveCfg = Debug|x64
		{87BAF97E-55F1-420D-A0D1-D9E8B97EC376}.Debug|Mixed Platforms.Build.0 = Debug|x64
		{87BAF97E-55F1-420D-A0D1-D9E8B97EC376}.Debug|Win32.ActiveCfg = Debug|Win32
		{87BAF97E-55F1-420D-A0D1-D9E8B97EC376}.Debug|Win32.Build.0 = Debug|Win32
		{87BAF97E-55F1-420D-A0D1-D9E8B97EC376}.Debug|x64.ActiveCfg = Debug|x64
		{87BAF97E-55F1-420D-A0D1-D9E8B97EC376}.Debug|x64.Build.0 = Debug|x64
		{87BAF97E-55F1-420D-A0D1-D9E8B97EC376}.Release|Any CPU.ActiveCfg = Release|x64
		{87BAF97E-55F1-420D-A0D1-D9E8B97EC376}.Release|Mixed Platforms.ActiveCfg = Release|x64
		{87BAF97E-55F1-420D-A0D1-D9E8B97EC376}.Release|Mixed Platforms.Build.0 = Release|x64
		{87BAF97E-55F1-420D-A0D1-D9E8B97EC376}.Release|Win32.ActiveCfg = Release|Win32
		{87BAF97E-55F1-420D-A0D1-D9E8B97EC376}.Release|Win32.Build.0 = Release|Win32
		{87BAF97E-55F1-420D-A0D1-D9E8B97EC376}.Release|x64.ActiveCfg = Release|x64
		{87BAF97E-55F1-420D-A0D1-D9E8B97EC376}.Release|x64.Build.0 = Release|x64
		{FAEFBA5E-71D6-48D3-AB4F-4B3AC9EB6FD7}.Debug|Any CPU.ActiveCfg = Debug|x64
		{FAEFBA5E-71D6-48D3-AB4F-4B3AC9EB6FD7}.Debug|Mixed Platforms.ActiveCfg = Debug|x64
		{FAEFBA5E-71D6-48D3-AB4F-4B3AC9EB6FD7}.Debug|Mixed Platforms.Build.0 = Debug|x64
		{FAEFBA5E-71D6-48D3-AB4F-4B3AC9EB6FD7}.Debug|Win32.ActiveCfg = Debug|Win32
		{FAEFBA5E-71D6-48D3-AB4F-4B3AC9EB6FD7}.Debug|Win32.Build.0 = Debug|Win32
		{FAEFBA5E-71D6-48D3-AB4F-4B3AC9EB6FD7}.Debug|x64.ActiveCfg = Debug|x64
		{FAEFBA5E-71D6-48D3-AB4F-4B3AC9EB6FD7}.Debug|x64.Build.0 = Debug|x64
		{FAEFBA5E-71D6-48D3-AB4F-4B3AC9EB6FD7}.Release|Any CPU.ActiveCfg = Release|x64
		{FAEFBA5E-71D6-48D3-AB4F-4B3AC9EB6FD7}.Release|Mixed Platforms.ActiveCfg = Release|x64
		{FAEFBA5E-71D6-48D3-AB4F-4B3AC9EB6FD7}.Release|Mixed Platforms.Build.0 = Release|x64
		{FAEFBA5E-71D6-48D3-AB4F-4B3AC9EB6FD7}.Release|Win32.ActiveCfg = Release|Win32
		{FAEFBA5E-71D6-48D3-AB4F-4B3AC9EB6FD7}.Release|Win32.Build.0 = Release|Win32
		{FAEFBA5E-71D6-48D3-AB4F-4B3AC9EB6FD7}.Release|x64.ActiveCfg = Release|x64
		{FAEFBA5E-71D6-48D3-AB4F-4B3AC9EB6FD7}.Release|x64.Build.0 = Release|x64
		{B368FE49-7BF3-44DF-BB25-8B8045507AB0}.Debug|Any CPU.ActiveCfg = Debug|x64
		{B368FE49-7BF3-44DF-BB25-8B8045507AB0}.Debug|Mixed Platforms.ActiveCfg = Debug|x64
		{B368FE49-7BF3-44DF-BB25-8B8045507AB0}.Debug|Mixed Platforms.Build.0 = Debug|x64
		{B368FE49-7BF3-44DF-BB25-8B8045507AB0}.Debug|Win32.ActiveCfg = Debug|Win32
		{B368FE49-7BF3-44DF-BB25-8B8045507AB0}.Debug|Win32.Build.0 = Debug|Win32
		{B368FE49-7BF3-44DF-BB25-8B8045507AB0}.Debug|x64.ActiveCfg = Debug|x64
		{B368FE49-7BF3-44DF-BB25-8B8045507AB0}.Debug|x64.Build.0 = Debug|x64
		{B368FE49-7BF3-44DF-BB25-8B8045507AB0}.Release|Any CPU.ActiveCfg = Release|x64
		{B368FE49-7BF3-44DF-BB25-8B8045507AB0}.Release|Mixed Platforms.ActiveCfg = Release|x64
		{B368FE49-7BF3-44DF-BB25-8B8045507AB0}.Release|Mixed Platforms.Build.0 = Release|x64
		{B368FE49-7BF3-44DF-BB25-8B8045507AB0}.Release|Win32.ActiveCfg = Release|Win32
		{B368FE49-7BF3-44DF-BB25-8B8045507AB0}.Release|Win32.Build.0 = Release|Win32
		{B368FE49-7BF3-44DF-BB25-8B8045507AB0}.Release|x64.ActiveCfg = Release|x64
		{B368FE49-7BF3-44DF-BB25-8B8045507AB0}.Release|x64.Build.0 = Release|x64
		{DAB821FD-9E44-4671-982F-08AC901CBE16}.Debug|Any CPU.ActiveCfg = Debug|x64
		{DAB821FD-9E44-4671-982F-08AC901CBE16}.Debug|Mixed Platforms.ActiveCfg = Debug|x64
		{DAB821FD-9E44-4671-982F-08AC901CBE16}.Debug|Mixed Platforms.Build.0 = Debug|x64
		{DAB821FD-9E44-4671-982F-08AC901CBE16}.Debug|Win32.ActiveCfg = Debug|Win32
		{DAB821FD-9E44-4671-982F-08AC901CBE16}.Debug|Win32.Build.0 = Debug|Win32
		{DAB821FD-9E44-4671-982F-08AC901CBE16}.Debug|x64.ActiveCfg = Debug|x64
		{DAB821FD-9E44-4671-982F-08AC901CBE16}.Debug|x64.Build.0 = Debug|x64
		{DAB821FD-9E44-4671-982F-08AC901CBE16}.Release|Any CPU.ActiveCfg = Release|x64
		{DAB821FD-9E44-4671-982F-08AC901CBE16}.Release|Mixed Platforms.ActiveCfg = Release|x64
		{DAB821FD-9E44-4671-982F-08AC901CBE16}.Release|Mixed Platforms.Build.0 = Release|x64
		{DAB821FD-9E44-4671-982F-08AC901CBE16}.Release|Win32.ActiveCfg = Release|Win32
		{DAB821FD-9E44-4671-982F-08AC901CBE16}.Release|Win32.Build.0 = Release|Win32
		{DAB821FD-9E44-4671-982F-08AC901CBE16}.Release|x64.ActiveCfg = Release|x64
		{DAB821FD-9E44-4671-982F-08AC901CBE16}.Release|x64.Build.0 = Release|x64
	EndGlobalSection
	GlobalSection(SolutionProperties) = preSolution
		HideSolutionNode = FALSE
	EndGlobalSection
	GlobalSection(NestedProjects) = preSolution
		{2639CF94-CEA3-44D7-A924-C11E23EA5021} = {4A44037B-1EC3-4481-ADE9-FAF9743A02BA}
		{3298B2BD-A9D8-409E-80E0-4B9B9311BE12} = {4A44037B-1EC3-4481-ADE9-FAF9743A02BA}
		{1791F643-0A6F-4C5F-B665-ED1301990A38} = {4A44037B-1EC3-4481-ADE9-FAF9743A02BA}
		{FAEFBA5E-71D6-48D3-AB4F-4B3AC9EB6FD7} = {4A44037B-1EC3-4481-ADE9-FAF9743A02BA}
		{B2BCD4B5-7D2C-4C14-AF6C-5024043B84B1} = {F96CC484-E2F4-422C-921A-C48E1837EC2F}
		{D8256FED-2FC1-4D2D-9F64-C95874B9D08D} = {F96CC484-E2F4-422C-921A-C48E1837EC2F}
		{20FCEED0-8E19-40C6-BBFB-4913F4A584BE} = {F96CC484-E2F4-422C-921A-C48E1837EC2F}
		{9F8D0003-C549-4A3C-B2E1-6D4556CD15FC} = {F96CC484-E2F4-422C-921A-C48E1837EC2F}
		{B7306C20-83D7-4CCE-8587-E68B4CFB42FC} = {F96CC484-E2F4-422C-921A-C48E1837EC2F}
		{CD150F8F-67FA-498D-83A6-1DA9FF81CCAB} = {F96CC484-E2F4-422C-921A-C48E1837EC2F}
		{CC1CB7C9-BE7D-4ED2-99CD-27D05C5157FB} = {F96CC484-E2F4-422C-921A-C48E1837EC2F}
		{8AA4B6C6-9D4A-41B9-9C53-9B9288CE25C0} = {F96CC484-E2F4-422C-921A-C48E1837EC2F}
		{68C54379-8A4D-46DB-A8DF-1B921A9AFFD5} = {F96CC484-E2F4-422C-921A-C48E1837EC2F}
		{686F7406-5009-4FAE-AE38-4DC38B89E0A3} = {B7306C20-83D7-4CCE-8587-E68B4CFB42FC}
		{FAD14396-CBFD-4E69-8302-42E9E6E03966} = {B7306C20-83D7-4CCE-8587-E68B4CFB42FC}
		{19094BA3-F969-4E49-9EAF-C56712B84424} = {B7306C20-83D7-4CCE-8587-E68B4CFB42FC}
		{07B2B934-7484-4F54-B358-5E34E13BF32F} = {B7306C20-83D7-4CCE-8587-E68B4CFB42FC}
		{26A4A07C-1D20-407A-974C-62E5ACBFFDAD} = {B7306C20-83D7-4CCE-8587-E68B4CFB42FC}
		{F0E326FA-8023-4A42-93F6-A33F8454596C} = {B7306C20-83D7-4CCE-8587-E68B4CFB42FC}
		{4817B880-79B2-4657-979C-C3E9FF2FE335} = {186AC411-5707-43FE-825F-2F5163487D69}
		{C97DFA05-1F02-4502-BDDF-2A5826AB9BD3} = {186AC411-5707-43FE-825F-2F5163487D69}
		{329A6E62-8AA7-4AE9-B442-468F1D367D54} = {186AC411-5707-43FE-825F-2F5163487D69}
		{ADD9D35F-32E7-4D6B-B7D8-B40346C05F46} = {3298B2BD-A9D8-409E-80E0-4B9B9311BE12}
		{0B1DF79B-B09C-40D7-84B0-9F2DC1B47424} = {3298B2BD-A9D8-409E-80E0-4B9B9311BE12}
		{15D4F84A-DEAD-4FE0-9602-6FC59D310B2B} = {3298B2BD-A9D8-409E-80E0-4B9B9311BE12}
		{255CB96C-8410-473F-B17C-12772D265844} = {3298B2BD-A9D8-409E-80E0-4B9B9311BE12}
		{4F7595A1-B5D8-4059-8268-77114462D1DA} = {3298B2BD-A9D8-409E-80E0-4B9B9311BE12}
		{D9DDFB60-123E-4034-9CC8-A2F159170762} = {3298B2BD-A9D8-409E-80E0-4B9B9311BE12}
		{AC3F3FE6-71D1-4297-823C-62F4BEA93320} = {3298B2BD-A9D8-409E-80E0-4B9B9311BE12}
		{D84BBCBE-958B-457D-A6D4-90C227D0AEA4} = {3298B2BD-A9D8-409E-80E0-4B9B9311BE12}
		{9E97518F-2497-425D-ACB2-2A3C97BC7CDD} = {851DC2F6-7D05-4657-80D5-0A131DA6A320}
		{A099D92B-9DA3-408C-8DAC-9E032BC6F15F} = {851DC2F6-7D05-4657-80D5-0A131DA6A320}
		{490B840F-679B-460F-8D8B-CD13A254A4C8} = {851DC2F6-7D05-4657-80D5-0A131DA6A320}
		{87BAF97E-55F1-420D-A0D1-D9E8B97EC376} = {851DC2F6-7D05-4657-80D5-0A131DA6A320}
		{B368FE49-7BF3-44DF-BB25-8B8045507AB0} = {851DC2F6-7D05-4657-80D5-0A131DA6A320}
		{DAB821FD-9E44-4671-982F-08AC901CBE16} = {851DC2F6-7D05-4657-80D5-0A131DA6A320}
		{F599C00E-0DEF-4972-8A55-58BDA76DC2F5} = {8AA4B6C6-9D4A-41B9-9C53-9B9288CE25C0}
		{E5148EBD-3D54-4A68-ADC2-64D08A7C4FF2} = {8AA4B6C6-9D4A-41B9-9C53-9B9288CE25C0}
	EndGlobalSection
EndGlobal
