// !$*UTF8*$!
{
	archiveVersion = 1;
	classes = {
	};
	objectVersion = 46;
	objects = {

/* Begin PBXBuildFile section */
		9CA1D39F17E515EF00935678 /* bincopy.c in Sources */ = {isa = PBXBuildFile; fileRef = 9CA1D38617E515EF00935678 /* bincopy.c */; };
		9CA1D3A017E515EF00935678 /* binfill.c in Sources */ = {isa = PBXBuildFile; fileRef = 9CA1D38717E515EF00935678 /* binfill.c */; };
		9CA1D3A117E515EF00935678 /* binpad.c in Sources */ = {isa = PBXBuildFile; fileRef = 9CA1D38817E515EF00935678 /* binpad.c */; };
		9CA1D3A217E515EF00935678 /* bitmasks.c in Sources */ = {isa = PBXBuildFile; fileRef = 9CA1D38917E515EF00935678 /* bitmasks.c */; };
		9CA1D3A317E515EF00935678 /* dilate.c in Sources */ = {isa = PBXBuildFile; fileRef = 9CA1D38A17E515EF00935678 /* dilate.c */; };
		9CA1D3A417E515EF00935678 /* findblob.c in Sources */ = {isa = PBXBuildFile; fileRef = 9CA1D38B17E515EF00935678 /* findblob.c */; };
		9CA1D3A517E515EF00935678 /* grp4comp.c in Sources */ = {isa = PBXBuildFile; fileRef = 9CA1D38C17E515EF00935678 /* grp4comp.c */; };
		9CA1D3A617E515EF00935678 /* grp4deco.c in Sources */ = {isa = PBXBuildFile; fileRef = 9CA1D38D17E515EF00935678 /* grp4deco.c */; };
		9CA1D3A717E515EF00935678 /* imageops.c in Sources */ = {isa = PBXBuildFile; fileRef = 9CA1D38E17E515EF00935678 /* imageops.c */; };
		9CA1D3A817E515EF00935678 /* img_io.c in Sources */ = {isa = PBXBuildFile; fileRef = 9CA1D38F17E515EF00935678 /* img_io.c */; };
		9CA1D3A917E515EF00935678 /* imgavg.c in Sources */ = {isa = PBXBuildFile; fileRef = 9CA1D39017E515EF00935678 /* imgavg.c */; };
		9CA1D3AA17E515EF00935678 /* imgboost.c in Sources */ = {isa = PBXBuildFile; fileRef = 9CA1D39117E515EF00935678 /* imgboost.c */; };
		9CA1D3AB17E515EF00935678 /* imgdecod.c in Sources */ = {isa = PBXBuildFile; fileRef = 9CA1D39217E515EF00935678 /* imgdecod.c */; };
		9CA1D3AC17E515EF00935678 /* imgsnip.c in Sources */ = {isa = PBXBuildFile; fileRef = 9CA1D39317E515EF00935678 /* imgsnip.c */; };
		9CA1D3AD17E515EF00935678 /* imgtype.c in Sources */ = {isa = PBXBuildFile; fileRef = 9CA1D39417E515EF00935678 /* imgtype.c */; };
		9CA1D3AE17E515EF00935678 /* imgutil.c in Sources */ = {isa = PBXBuildFile; fileRef = 9CA1D39517E515EF00935678 /* imgutil.c */; };
		9CA1D3AF17E515EF00935678 /* intrlv.c in Sources */ = {isa = PBXBuildFile; fileRef = 9CA1D39617E515EF00935678 /* intrlv.c */; };
		9CA1D3B017E515EF00935678 /* masks.c in Sources */ = {isa = PBXBuildFile; fileRef = 9CA1D39717E515EF00935678 /* masks.c */; };
		9CA1D3B117E515EF00935678 /* parsargs.c in Sources */ = {isa = PBXBuildFile; fileRef = 9CA1D39817E515EF00935678 /* parsargs.c */; };
		9CA1D3B217E515EF00935678 /* readihdr.c in Sources */ = {isa = PBXBuildFile; fileRef = 9CA1D39917E515EF00935678 /* readihdr.c */; };
		9CA1D3B317E515EF00935678 /* rgb_ycc.c in Sources */ = {isa = PBXBuildFile; fileRef = 9CA1D39A17E515EF00935678 /* rgb_ycc.c */; };
		9CA1D3B417E515EF00935678 /* rl.c in Sources */ = {isa = PBXBuildFile; fileRef = 9CA1D39B17E515EF00935678 /* rl.c */; };
		9CA1D3B517E515EF00935678 /* sunrast.c in Sources */ = {isa = PBXBuildFile; fileRef = 9CA1D39C17E515EF00935678 /* sunrast.c */; };
		9CA1D3B617E515EF00935678 /* thresh.c in Sources */ = {isa = PBXBuildFile; fileRef = 9CA1D39D17E515EF00935678 /* thresh.c */; };
		9CA1D3B717E515EF00935678 /* writihdr.c in Sources */ = {isa = PBXBuildFile; fileRef = 9CA1D39E17E515EF00935678 /* writihdr.c */; };
/* End PBXBuildFile section */

/* Begin PBXCopyFilesBuildPhase section */
		9CA1D37317E515B300935678 /* CopyFiles */ = {
			isa = PBXCopyFilesBuildPhase;
			buildActionMask = 2147483647;
			dstPath = "include/${PRODUCT_NAME}";
			dstSubfolderSpec = 16;
			files = (
			);
			runOnlyForDeploymentPostprocessing = 0;
		};
/* End PBXCopyFilesBuildPhase section */

/* Begin PBXFileReference section */
		9CA1D37517E515B300935678 /* libnbis-image.a */ = {isa = PBXFileReference; explicitFileType = archive.ar; includeInIndex = 0; path = "libnbis-image.a"; sourceTree = BUILT_PRODUCTS_DIR; };
		9CA1D38617E515EF00935678 /* bincopy.c */ = {isa = PBXFileReference; fileEncoding = 4; lastKnownFileType = sourcecode.c.c; name = bincopy.c; path = ../../bincopy.c; sourceTree = "<group>"; };
		9CA1D38717E515EF00935678 /* binfill.c */ = {isa = PBXFileReference; fileEncoding = 4; lastKnownFileType = sourcecode.c.c; name = binfill.c; path = ../../binfill.c; sourceTree = "<group>"; };
		9CA1D38817E515EF00935678 /* binpad.c */ = {isa = PBXFileReference; fileEncoding = 4; lastKnownFileType = sourcecode.c.c; name = binpad.c; path = ../../binpad.c; sourceTree = "<group>"; };
		9CA1D38917E515EF00935678 /* bitmasks.c */ = {isa = PBXFileReference; fileEncoding = 4; lastKnownFileType = sourcecode.c.c; name = bitmasks.c; path = ../../bitmasks.c; sourceTree = "<group>"; };
		9CA1D38A17E515EF00935678 /* dilate.c */ = {isa = PBXFileReference; fileEncoding = 4; lastKnownFileType = sourcecode.c.c; name = dilate.c; path = ../../dilate.c; sourceTree = "<group>"; };
		9CA1D38B17E515EF00935678 /* findblob.c */ = {isa = PBXFileReference; fileEncoding = 4; lastKnownFileType = sourcecode.c.c; name = findblob.c; path = ../../findblob.c; sourceTree = "<group>"; };
		9CA1D38C17E515EF00935678 /* grp4comp.c */ = {isa = PBXFileReference; fileEncoding = 4; lastKnownFileType = sourcecode.c.c; name = grp4comp.c; path = ../../grp4comp.c; sourceTree = "<group>"; };
		9CA1D38D17E515EF00935678 /* grp4deco.c */ = {isa = PBXFileReference; fileEncoding = 4; lastKnownFileType = sourcecode.c.c; name = grp4deco.c; path = ../../grp4deco.c; sourceTree = "<group>"; };
		9CA1D38E17E515EF00935678 /* imageops.c */ = {isa = PBXFileReference; fileEncoding = 4; lastKnownFileType = sourcecode.c.c; name = imageops.c; path = ../../imageops.c; sourceTree = "<group>"; };
		9CA1D38F17E515EF00935678 /* img_io.c */ = {isa = PBXFileReference; fileEncoding = 4; lastKnownFileType = sourcecode.c.c; name = img_io.c; path = ../../img_io.c; sourceTree = "<group>"; };
		9CA1D39017E515EF00935678 /* imgavg.c */ = {isa = PBXFileReference; fileEncoding = 4; lastKnownFileType = sourcecode.c.c; name = imgavg.c; path = ../../imgavg.c; sourceTree = "<group>"; };
		9CA1D39117E515EF00935678 /* imgboost.c */ = {isa = PBXFileReference; fileEncoding = 4; lastKnownFileType = sourcecode.c.c; name = imgboost.c; path = ../../imgboost.c; sourceTree = "<group>"; };
		9CA1D39217E515EF00935678 /* imgdecod.c */ = {isa = PBXFileReference; fileEncoding = 4; lastKnownFileType = sourcecode.c.c; name = imgdecod.c; path = ../../imgdecod.c; sourceTree = "<group>"; };
		9CA1D39317E515EF00935678 /* imgsnip.c */ = {isa = PBXFileReference; fileEncoding = 4; lastKnownFileType = sourcecode.c.c; name = imgsnip.c; path = ../../imgsnip.c; sourceTree = "<group>"; };
		9CA1D39417E515EF00935678 /* imgtype.c */ = {isa = PBXFileReference; fileEncoding = 4; lastKnownFileType = sourcecode.c.c; name = imgtype.c; path = ../../imgtype.c; sourceTree = "<group>"; };
		9CA1D39517E515EF00935678 /* imgutil.c */ = {isa = PBXFileReference; fileEncoding = 4; lastKnownFileType = sourcecode.c.c; name = imgutil.c; path = ../../imgutil.c; sourceTree = "<group>"; };
		9CA1D39617E515EF00935678 /* intrlv.c */ = {isa = PBXFileReference; fileEncoding = 4; lastKnownFileType = sourcecode.c.c; name = intrlv.c; path = ../../intrlv.c; sourceTree = "<group>"; };
		9CA1D39717E515EF00935678 /* masks.c */ = {isa = PBXFileReference; fileEncoding = 4; lastKnownFileType = sourcecode.c.c; name = masks.c; path = ../../masks.c; sourceTree = "<group>"; };
		9CA1D39817E515EF00935678 /* parsargs.c */ = {isa = PBXFileReference; fileEncoding = 4; lastKnownFileType = sourcecode.c.c; name = parsargs.c; path = ../../parsargs.c; sourceTree = "<group>"; };
		9CA1D39917E515EF00935678 /* readihdr.c */ = {isa = PBXFileReference; fileEncoding = 4; lastKnownFileType = sourcecode.c.c; name = readihdr.c; path = ../../readihdr.c; sourceTree = "<group>"; };
		9CA1D39A17E515EF00935678 /* rgb_ycc.c */ = {isa = PBXFileReference; fileEncoding = 4; lastKnownFileType = sourcecode.c.c; name = rgb_ycc.c; path = ../../rgb_ycc.c; sourceTree = "<group>"; };
		9CA1D39B17E515EF00935678 /* rl.c */ = {isa = PBXFileReference; fileEncoding = 4; lastKnownFileType = sourcecode.c.c; name = rl.c; path = ../../rl.c; sourceTree = "<group>"; };
		9CA1D39C17E515EF00935678 /* sunrast.c */ = {isa = PBXFileReference; fileEncoding = 4; lastKnownFileType = sourcecode.c.c; name = sunrast.c; path = ../../sunrast.c; sourceTree = "<group>"; };
		9CA1D39D17E515EF00935678 /* thresh.c */ = {isa = PBXFileReference; fileEncoding = 4; lastKnownFileType = sourcecode.c.c; name = thresh.c; path = ../../thresh.c; sourceTree = "<group>"; };
		9CA1D39E17E515EF00935678 /* writihdr.c */ = {isa = PBXFileReference; fileEncoding = 4; lastKnownFileType = sourcecode.c.c; name = writihdr.c; path = ../../writihdr.c; sourceTree = "<group>"; };
/* End PBXFileReference section */

/* Begin PBXFrameworksBuildPhase section */
		9CA1D37217E515B300935678 /* Frameworks */ = {
			isa = PBXFrameworksBuildPhase;
			buildActionMask = 2147483647;
			files = (
			);
			runOnlyForDeploymentPostprocessing = 0;
		};
/* End PBXFrameworksBuildPhase section */

/* Begin PBXGroup section */
		9CA1D36C17E515B300935678 = {
			isa = PBXGroup;
			children = (
				9CA1D37A17E515B300935678 /* nbis-image */,
				9CA1D37717E515B300935678 /* Frameworks */,
				9CA1D37617E515B300935678 /* Products */,
			);
			sourceTree = "<group>";
		};
		9CA1D37617E515B300935678 /* Products */ = {
			isa = PBXGroup;
			children = (
				9CA1D37517E515B300935678 /* libnbis-image.a */,
			);
			name = Products;
			sourceTree = "<group>";
		};
		9CA1D37717E515B300935678 /* Frameworks */ = {
			isa = PBXGroup;
			children = (
			);
			name = Frameworks;
			sourceTree = "<group>";
		};
		9CA1D37A17E515B300935678 /* nbis-image */ = {
			isa = PBXGroup;
			children = (
				9CA1D38617E515EF00935678 /* bincopy.c */,
				9CA1D38717E515EF00935678 /* binfill.c */,
				9CA1D38817E515EF00935678 /* binpad.c */,
				9CA1D38917E515EF00935678 /* bitmasks.c */,
				9CA1D38A17E515EF00935678 /* dilate.c */,
				9CA1D38B17E515EF00935678 /* findblob.c */,
				9CA1D38C17E515EF00935678 /* grp4comp.c */,
				9CA1D38D17E515EF00935678 /* grp4deco.c */,
				9CA1D38E17E515EF00935678 /* imageops.c */,
				9CA1D38F17E515EF00935678 /* img_io.c */,
				9CA1D39017E515EF00935678 /* imgavg.c */,
				9CA1D39117E515EF00935678 /* imgboost.c */,
				9CA1D39217E515EF00935678 /* imgdecod.c */,
				9CA1D39317E515EF00935678 /* imgsnip.c */,
				9CA1D39417E515EF00935678 /* imgtype.c */,
				9CA1D39517E515EF00935678 /* imgutil.c */,
				9CA1D39617E515EF00935678 /* intrlv.c */,
				9CA1D39717E515EF00935678 /* masks.c */,
				9CA1D39817E515EF00935678 /* parsargs.c */,
				9CA1D39917E515EF00935678 /* readihdr.c */,
				9CA1D39A17E515EF00935678 /* rgb_ycc.c */,
				9CA1D39B17E515EF00935678 /* rl.c */,
				9CA1D39C17E515EF00935678 /* sunrast.c */,
				9CA1D39D17E515EF00935678 /* thresh.c */,
				9CA1D39E17E515EF00935678 /* writihdr.c */,
			);
			path = "nbis-image";
			sourceTree = "<group>";
		};
/* End PBXGroup section */

/* Begin PBXNativeTarget section */
		9CA1D37417E515B300935678 /* nbis-image */ = {
			isa = PBXNativeTarget;
			buildConfigurationList = 9CA1D38317E515B300935678 /* Build configuration list for PBXNativeTarget "nbis-image" */;
			buildPhases = (
				9CA1D37117E515B300935678 /* Sources */,
				9CA1D37217E515B300935678 /* Frameworks */,
				9CA1D37317E515B300935678 /* CopyFiles */,
			);
			buildRules = (
			);
			dependencies = (
			);
			name = "nbis-image";
			productName = "nbis-image";
			productReference = 9CA1D37517E515B300935678 /* libnbis-image.a */;
			productType = "com.apple.product-type.library.static";
		};
/* End PBXNativeTarget section */

/* Begin PBXProject section */
		9CA1D36D17E515B300935678 /* Project object */ = {
			isa = PBXProject;
			attributes = {
				LastUpgradeCheck = 0460;
				ORGANIZATIONNAME = "Brian Nagel";
			};
			buildConfigurationList = 9CA1D37017E515B300935678 /* Build configuration list for PBXProject "nbis-image" */;
			compatibilityVersion = "Xcode 3.2";
			developmentRegion = English;
			hasScannedForEncodings = 0;
			knownRegions = (
				en,
			);
			mainGroup = 9CA1D36C17E515B300935678;
			productRefGroup = 9CA1D37617E515B300935678 /* Products */;
			projectDirPath = "";
			projectRoot = "";
			targets = (
				9CA1D37417E515B300935678 /* nbis-image */,
			);
		};
/* End PBXProject section */

/* Begin PBXSourcesBuildPhase section */
		9CA1D37117E515B300935678 /* Sources */ = {
			isa = PBXSourcesBuildPhase;
			buildActionMask = 2147483647;
			files = (
				9CA1D39F17E515EF00935678 /* bincopy.c in Sources */,
				9CA1D3A017E515EF00935678 /* binfill.c in Sources */,
				9CA1D3A117E515EF00935678 /* binpad.c in Sources */,
				9CA1D3A217E515EF00935678 /* bitmasks.c in Sources */,
				9CA1D3A317E515EF00935678 /* dilate.c in Sources */,
				9CA1D3A417E515EF00935678 /* findblob.c in Sources */,
				9CA1D3A517E515EF00935678 /* grp4comp.c in Sources */,
				9CA1D3A617E515EF00935678 /* grp4deco.c in Sources */,
				9CA1D3A717E515EF00935678 /* imageops.c in Sources */,
				9CA1D3A817E515EF00935678 /* img_io.c in Sources */,
				9CA1D3A917E515EF00935678 /* imgavg.c in Sources */,
				9CA1D3AA17E515EF00935678 /* imgboost.c in Sources */,
				9CA1D3AB17E515EF00935678 /* imgdecod.c in Sources */,
				9CA1D3AC17E515EF00935678 /* imgsnip.c in Sources */,
				9CA1D3AD17E515EF00935678 /* imgtype.c in Sources */,
				9CA1D3AE17E515EF00935678 /* imgutil.c in Sources */,
				9CA1D3AF17E515EF00935678 /* intrlv.c in Sources */,
				9CA1D3B017E515EF00935678 /* masks.c in Sources */,
				9CA1D3B117E515EF00935678 /* parsargs.c in Sources */,
				9CA1D3B217E515EF00935678 /* readihdr.c in Sources */,
				9CA1D3B317E515EF00935678 /* rgb_ycc.c in Sources */,
				9CA1D3B417E515EF00935678 /* rl.c in Sources */,
				9CA1D3B517E515EF00935678 /* sunrast.c in Sources */,
				9CA1D3B617E515EF00935678 /* thresh.c in Sources */,
				9CA1D3B717E515EF00935678 /* writihdr.c in Sources */,
			);
			runOnlyForDeploymentPostprocessing = 0;
		};
/* End PBXSourcesBuildPhase section */

/* Begin XCBuildConfiguration section */
		9CA1D38117E515B300935678 /* Debug */ = {
			isa = XCBuildConfiguration;
			buildSettings = {
				ALWAYS_SEARCH_USER_PATHS = NO;
				CLANG_CXX_LANGUAGE_STANDARD = "gnu++0x";
				CLANG_CXX_LIBRARY = "libc++";
				CLANG_WARN_CONSTANT_CONVERSION = YES;
				CLANG_WARN_EMPTY_BODY = YES;
				CLANG_WARN_ENUM_CONVERSION = YES;
				CLANG_WARN_INT_CONVERSION = YES;
				CLANG_WARN__DUPLICATE_METHOD_MATCH = YES;
				COPY_PHASE_STRIP = NO;
				GCC_C_LANGUAGE_STANDARD = gnu99;
				GCC_DYNAMIC_NO_PIC = NO;
				GCC_OPTIMIZATION_LEVEL = 0;
				GCC_PREPROCESSOR_DEFINITIONS = (
					"DEBUG=1",
					"$(inherited)",
				);
				GCC_SYMBOLS_PRIVATE_EXTERN = NO;
				GCC_VERSION = com.apple.compilers.llvmgcc42;
				GCC_WARN_ABOUT_RETURN_TYPE = YES;
				GCC_WARN_UNINITIALIZED_AUTOS = YES;
				GCC_WARN_UNUSED_VARIABLE = YES;
				HEADER_SEARCH_PATHS = (
					../../../../include,
					../../../../../an2k/include,
					../../../../../commonnbis/include,
					../../../../../ijg/src/lib/jpegb,
				);
				IPHONEOS_DEPLOYMENT_TARGET = 6.1;
				ONLY_ACTIVE_ARCH = YES;
				OTHER_CFLAGS = (
					"-D__android__",
					"-D__NBISLE__",
				);
				SDKROOT = iphoneos;
			};
			name = Debug;
		};
		9CA1D38217E515B300935678 /* Release */ = {
			isa = XCBuildConfiguration;
			buildSettings = {
				ALWAYS_SEARCH_USER_PATHS = NO;
				CLANG_CXX_LANGUAGE_STANDARD = "gnu++0x";
				CLANG_CXX_LIBRARY = "libc++";
				CLANG_WARN_CONSTANT_CONVERSION = YES;
				CLANG_WARN_EMPTY_BODY = YES;
				CLANG_WARN_ENUM_CONVERSION = YES;
				CLANG_WARN_INT_CONVERSION = YES;
				CLANG_WARN__DUPLICATE_METHOD_MATCH = YES;
				COPY_PHASE_STRIP = YES;
				GCC_C_LANGUAGE_STANDARD = gnu99;
				GCC_VERSION = com.apple.compilers.llvmgcc42;
				GCC_WARN_ABOUT_RETURN_TYPE = YES;
				GCC_WARN_UNINITIALIZED_AUTOS = YES;
				GCC_WARN_UNUSED_VARIABLE = YES;
				HEADER_SEARCH_PATHS = (
					../../../../include,
					../../../../../an2k/include,
					../../../../../commonnbis/include,
					../../../../../ijg/src/lib/jpegb,
				);
				IPHONEOS_DEPLOYMENT_TARGET = 6.1;
				OTHER_CFLAGS = (
					"-D__android__",
					"-D__NBISLE__",
				);
				SDKROOT = iphoneos;
				VALIDATE_PRODUCT = YES;
			};
			name = Release;
		};
		9CA1D38417E515B300935678 /* Debug */ = {
			isa = XCBuildConfiguration;
			buildSettings = {
				DSTROOT = /tmp/nbis_image.dst;
				GCC_PRECOMPILE_PREFIX_HEADER = YES;
				GCC_PREFIX_HEADER = "nbis-image/nbis-image-Prefix.pch";
				PRODUCT_NAME = "$(TARGET_NAME)";
				SKIP_INSTALL = YES;
			};
			name = Debug;
		};
		9CA1D38517E515B300935678 /* Release */ = {
			isa = XCBuildConfiguration;
			buildSettings = {
				DSTROOT = /tmp/nbis_image.dst;
				GCC_PRECOMPILE_PREFIX_HEADER = YES;
				GCC_PREFIX_HEADER = "nbis-image/nbis-image-Prefix.pch";
				PRODUCT_NAME = "$(TARGET_NAME)";
				SKIP_INSTALL = YES;
			};
			name = Release;
		};
/* End XCBuildConfiguration section */

/* Begin XCConfigurationList section */
		9CA1D37017E515B300935678 /* Build configuration list for PBXProject "nbis-image" */ = {
			isa = XCConfigurationList;
			buildConfigurations = (
				9CA1D38117E515B300935678 /* Debug */,
				9CA1D38217E515B300935678 /* Release */,
			);
			defaultConfigurationIsVisible = 0;
			defaultConfigurationName = Release;
		};
		9CA1D38317E515B300935678 /* Build configuration list for PBXNativeTarget "nbis-image" */ = {
			isa = XCConfigurationList;
			buildConfigurations = (
				9CA1D38417E515B300935678 /* Debug */,
				9CA1D38517E515B300935678 /* Release */,
			);
			defaultConfigurationIsVisible = 0;
		};
/* End XCConfigurationList section */
	};
	rootObject = 9CA1D36D17E515B300935678 /* Project object */;
}
