
Microsoft Visual Studio Solution File, Format Version 10.00
# Visual Studio 2008
Project("{8BC9CEB8-8B4A-11D0-8D11-00A0C91BC942}") = "IBScanUltimate_Linux", "IBScanUltimate_Linux.vcproj", "{26C52238-B2FB-49A3-B445-DD0E89560216}"
EndProject
Global
	GlobalSection(SolutionConfigurationPlatforms) = preSolution
		Debug|Win32 = Debug|Win32
		Release|Win32 = Release|Win32
	EndGlobalSection
	GlobalSection(ProjectConfigurationPlatforms) = postSolution
		{26C52238-B2FB-49A3-B445-DD0E89560216}.Debug|Win32.ActiveCfg = Debug|Win32
		{26C52238-B2FB-49A3-B445-DD0E89560216}.Debug|Win32.Build.0 = Debug|Win32
		{26C52238-B2FB-49A3-B445-DD0E89560216}.Release|Win32.ActiveCfg = Release|Win32
		{26C52238-B2FB-49A3-B445-DD0E89560216}.Release|Win32.Build.0 = Release|Win32
	EndGlobalSection
	GlobalSection(SolutionProperties) = preSolution
		HideSolutionNode = FALSE
	EndGlobalSection
EndGlobal
